// !$*UTF8*$!
{
	archiveVersion = 1;
	classes = {
	};
	objectVersion = 48;
	objects = {

/* Begin PBXBuildFile section */
		EAB39536201A26210054B5BD /* AppDelegate.m in Sources */ = {isa = PBXBuildFile; fileRef = EAB39535201A26210054B5BD /* AppDelegate.m */; };
		EAB3953E201A26210054B5BD /* Assets.xcassets in Resources */ = {isa = PBXBuildFile; fileRef = EAB3953D201A26210054B5BD /* Assets.xcassets */; };
		EAB39541201A26210054B5BD /* LaunchScreen.storyboard in Resources */ = {isa = PBXBuildFile; fileRef = EAB3953F201A26210054B5BD /* LaunchScreen.storyboard */; };
		EAB39544201A26210054B5BD /* main.m in Sources */ = {isa = PBXBuildFile; fileRef = EAB39543201A26210054B5BD /* main.m */; };
		EAB3955D201A28D20054B5BD /* WYHomeViewController.m in Sources */ = {isa = PBXBuildFile; fileRef = EAB39557201A28D20054B5BD /* WYHomeViewController.m */; };
		EAB3955E201A28D20054B5BD /* WYMainTabBarController.m in Sources */ = {isa = PBXBuildFile; fileRef = EAB3955A201A28D20054B5BD /* WYMainTabBarController.m */; };
		F7E87F40F050473381666DA4 /* libPods-GXWYNews.a in Frameworks */ = {isa = PBXBuildFile; fileRef = 74E2993B90FD2D91272E388E /* libPods-GXWYNews.a */; };
/* End PBXBuildFile section */

/* Begin PBXFileReference section */
		74E2993B90FD2D91272E388E /* libPods-GXWYNews.a */ = {isa = PBXFileReference; explicitFileType = archive.ar; includeInIndex = 0; path = "libPods-GXWYNews.a"; sourceTree = BUILT_PRODUCTS_DIR; };
		E3725BAB7DCC142409642F21 /* Pods-GXWYNews.release.xcconfig */ = {isa = PBXFileReference; includeInIndex = 1; lastKnownFileType = text.xcconfig; name = "Pods-GXWYNews.release.xcconfig"; path = "Pods/Target Support Files/Pods-GXWYNews/Pods-GXWYNews.release.xcconfig"; sourceTree = "<group>"; };
		E9DBB0ECCE5069E2362D4DB6 /* Pods-GXWYNews.debug.xcconfig */ = {isa = PBXFileReference; includeInIndex = 1; lastKnownFileType = text.xcconfig; name = "Pods-GXWYNews.debug.xcconfig"; path = "Pods/Target Support Files/Pods-GXWYNews/Pods-GXWYNews.debug.xcconfig"; sourceTree = "<group>"; };
		EAB39531201A26210054B5BD /* GXWYNews.app */ = {isa = PBXFileReference; explicitFileType = wrapper.application; includeInIndex = 0; path = GXWYNews.app; sourceTree = BUILT_PRODUCTS_DIR; };
		EAB39534201A26210054B5BD /* AppDelegate.h */ = {isa = PBXFileReference; lastKnownFileType = sourcecode.c.h; path = AppDelegate.h; sourceTree = "<group>"; };
		EAB39535201A26210054B5BD /* AppDelegate.m */ = {isa = PBXFileReference; lastKnownFileType = sourcecode.c.objc; path = AppDelegate.m; sourceTree = "<group>"; };
		EAB3953D201A26210054B5BD /* Assets.xcassets */ = {isa = PBXFileReference; lastKnownFileType = folder.assetcatalog; path = Assets.xcassets; sourceTree = "<group>"; };
		EAB39540201A26210054B5BD /* Base */ = {isa = PBXFileReference; lastKnownFileType = file.storyboard; name = Base; path = Base.lproj/LaunchScreen.storyboard; sourceTree = "<group>"; };
		EAB39542201A26210054B5BD /* Info.plist */ = {isa = PBXFileReference; lastKnownFileType = text.plist.xml; path = Info.plist; sourceTree = "<group>"; };
		EAB39543201A26210054B5BD /* main.m */ = {isa = PBXFileReference; lastKnownFileType = sourcecode.c.objc; path = main.m; sourceTree = "<group>"; };
		EAB39557201A28D20054B5BD /* WYHomeViewController.m */ = {isa = PBXFileReference; fileEncoding = 4; lastKnownFileType = sourcecode.c.objc; path = WYHomeViewController.m; sourceTree = "<group>"; };
		EAB39558201A28D20054B5BD /* WYHomeViewController.h */ = {isa = PBXFileReference; fileEncoding = 4; lastKnownFileType = sourcecode.c.h; path = WYHomeViewController.h; sourceTree = "<group>"; };
		EAB3955A201A28D20054B5BD /* WYMainTabBarController.m */ = {isa = PBXFileReference; fileEncoding = 4; lastKnownFileType = sourcecode.c.objc; path = WYMainTabBarController.m; sourceTree = "<group>"; };
		EAB3955B201A28D20054B5BD /* WYMainTabBarController.h */ = {isa = PBXFileReference; fileEncoding = 4; lastKnownFileType = sourcecode.c.h; path = WYMainTabBarController.h; sourceTree = "<group>"; };
/* End PBXFileReference section */

/* Begin PBXFrameworksBuildPhase section */
		EAB3952E201A26210054B5BD /* Frameworks */ = {
			isa = PBXFrameworksBuildPhase;
			buildActionMask = 2147483647;
			files = (
				F7E87F40F050473381666DA4 /* libPods-GXWYNews.a in Frameworks */,
			);
			runOnlyForDeploymentPostprocessing = 0;
		};
/* End PBXFrameworksBuildPhase section */

/* Begin PBXGroup section */
		DA814D28C9C0450CB77A9D22 /* Frameworks */ = {
			isa = PBXGroup;
			children = (
				74E2993B90FD2D91272E388E /* libPods-GXWYNews.a */,
			);
			name = Frameworks;
			sourceTree = "<group>";
		};
		E9260EEFCA0152254A619A62 /* Pods */ = {
			isa = PBXGroup;
			children = (
				E9DBB0ECCE5069E2362D4DB6 /* Pods-GXWYNews.debug.xcconfig */,
				E3725BAB7DCC142409642F21 /* Pods-GXWYNews.release.xcconfig */,
			);
			name = Pods;
			sourceTree = "<group>";
		};
		EAB39528201A26210054B5BD = {
			isa = PBXGroup;
			children = (
				EAB39533201A26210054B5BD /* GXWYNews */,
				EAB39532201A26210054B5BD /* Products */,
				E9260EEFCA0152254A619A62 /* Pods */,
				DA814D28C9C0450CB77A9D22 /* Frameworks */,
			);
			sourceTree = "<group>";
		};
		EAB39532201A26210054B5BD /* Products */ = {
			isa = PBXGroup;
			children = (
				EAB39531201A26210054B5BD /* GXWYNews.app */,
			);
			name = Products;
			sourceTree = "<group>";
		};
		EAB39533201A26210054B5BD /* GXWYNews */ = {
			isa = PBXGroup;
			children = (
				EAB3955C201A28D20054B5BD /* Tools */,
				EAB39555201A28D20054B5BD /* Classes */,
				EAB39534201A26210054B5BD /* AppDelegate.h */,
				EAB39535201A26210054B5BD /* AppDelegate.m */,
				EAB3954A201A26490054B5BD /* Supporting Files */,
			);
			path = GXWYNews;
			sourceTree = "<group>";
		};
		EAB3954A201A26490054B5BD /* Supporting Files */ = {
			isa = PBXGroup;
			children = (
				EAB3953D201A26210054B5BD /* Assets.xcassets */,
				EAB3953F201A26210054B5BD /* LaunchScreen.storyboard */,
				EAB39542201A26210054B5BD /* Info.plist */,
				EAB39543201A26210054B5BD /* main.m */,
			);
			name = "Supporting Files";
			sourceTree = "<group>";
		};
		EAB39555201A28D20054B5BD /* Classes */ = {
			isa = PBXGroup;
			children = (
				EAB39559201A28D20054B5BD /* Main */,
				EAB39556201A28D20054B5BD /* Home */,
			);
			path = Classes;
			sourceTree = "<group>";
		};
		EAB39556201A28D20054B5BD /* Home */ = {
			isa = PBXGroup;
			children = (
				EAB39557201A28D20054B5BD /* WYHomeViewController.m */,
				EAB39558201A28D20054B5BD /* WYHomeViewController.h */,
			);
			path = Home;
			sourceTree = "<group>";
		};
		EAB39559201A28D20054B5BD /* Main */ = {
			isa = PBXGroup;
			children = (
				EAB3955A201A28D20054B5BD /* WYMainTabBarController.m */,
				EAB3955B201A28D20054B5BD /* WYMainTabBarController.h */,
			);
			path = Main;
			sourceTree = "<group>";
		};
		EAB3955C201A28D20054B5BD /* Tools */ = {
			isa = PBXGroup;
			children = (
			);
			path = Tools;
			sourceTree = "<group>";
		};
/* End PBXGroup section */

/* Begin PBXNativeTarget section */
		EAB39530201A26210054B5BD /* GXWYNews */ = {
			isa = PBXNativeTarget;
			buildConfigurationList = EAB39547201A26210054B5BD /* Build configuration list for PBXNativeTarget "GXWYNews" */;
			buildPhases = (
				D236D36F56292B0A0E26F874 /* [CP] Check Pods Manifest.lock */,
				EAB3952D201A26210054B5BD /* Sources */,
				EAB3952E201A26210054B5BD /* Frameworks */,
				EAB3952F201A26210054B5BD /* Resources */,
				029007BD18060F6E8807CC60 /* [CP] Embed Pods Frameworks */,
				C57C9F361E786AC0C930BC54 /* [CP] Copy Pods Resources */,
			);
			buildRules = (
			);
			dependencies = (
			);
			name = GXWYNews;
			productName = GXWYNews;
			productReference = EAB39531201A26210054B5BD /* GXWYNews.app */;
			productType = "com.apple.product-type.application";
		};
/* End PBXNativeTarget section */

/* Begin PBXProject section */
		EAB39529201A26210054B5BD /* Project object */ = {
			isa = PBXProject;
			attributes = {
				CLASSPREFIX = WY;
				LastUpgradeCheck = 0920;
				ORGANIZATIONNAME = Tony;
				TargetAttributes = {
					EAB39530201A26210054B5BD = {
						CreatedOnToolsVersion = 9.2;
						ProvisioningStyle = Automatic;
					};
				};
			};
			buildConfigurationList = EAB3952C201A26210054B5BD /* Build configuration list for PBXProject "GXWYNews" */;
			compatibilityVersion = "Xcode 8.0";
			developmentRegion = en;
			hasScannedForEncodings = 0;
			knownRegions = (
				en,
				Base,
			);
			mainGroup = EAB39528201A26210054B5BD;
			productRefGroup = EAB39532201A26210054B5BD /* Products */;
			projectDirPath = "";
			projectRoot = "";
			targets = (
				EAB39530201A26210054B5BD /* GXWYNews */,
			);
		};
/* End PBXProject section */

/* Begin PBXResourcesBuildPhase section */
		EAB3952F201A26210054B5BD /* Resources */ = {
			isa = PBXResourcesBuildPhase;
			buildActionMask = 2147483647;
			files = (
				EAB39541201A26210054B5BD /* LaunchScreen.storyboard in Resources */,
				EAB3953E201A26210054B5BD /* Assets.xcassets in Resources */,
			);
			runOnlyForDeploymentPostprocessing = 0;
		};
/* End PBXResourcesBuildPhase section */

/* Begin PBXShellScriptBuildPhase section */
		029007BD18060F6E8807CC60 /* [CP] Embed Pods Frameworks */ = {
			isa = PBXShellScriptBuildPhase;
			buildActionMask = 2147483647;
			files = (
			);
			inputPaths = (
			);
			name = "[CP] Embed Pods Frameworks";
			outputPaths = (
			);
			runOnlyForDeploymentPostprocessing = 0;
			shellPath = /bin/sh;
			shellScript = "\"${SRCROOT}/Pods/Target Support Files/Pods-GXWYNews/Pods-GXWYNews-frameworks.sh\"\n";
			showEnvVarsInLog = 0;
		};
		C57C9F361E786AC0C930BC54 /* [CP] Copy Pods Resources */ = {
			isa = PBXShellScriptBuildPhase;
			buildActionMask = 2147483647;
			files = (
			);
			inputPaths = (
			);
			name = "[CP] Copy Pods Resources";
			outputPaths = (
			);
			runOnlyForDeploymentPostprocessing = 0;
			shellPath = /bin/sh;
			shellScript = "\"${SRCROOT}/Pods/Target Support Files/Pods-GXWYNews/Pods-GXWYNews-resources.sh\"\n";
			showEnvVarsInLog = 0;
		};
		D236D36F56292B0A0E26F874 /* [CP] Check Pods Manifest.lock */ = {
			isa = PBXShellScriptBuildPhase;
			buildActionMask = 2147483647;
			files = (
			);
			inputPaths = (
				"${PODS_PODFILE_DIR_PATH}/Podfile.lock",
				"${PODS_ROOT}/Manifest.lock",
			);
			name = "[CP] Check Pods Manifest.lock";
			outputPaths = (
				"$(DERIVED_FILE_DIR)/Pods-GXWYNews-checkManifestLockResult.txt",
			);
			runOnlyForDeploymentPostprocessing = 0;
			shellPath = /bin/sh;
			shellScript = "diff \"${PODS_PODFILE_DIR_PATH}/Podfile.lock\" \"${PODS_ROOT}/Manifest.lock\" > /dev/null\nif [ $? != 0 ] ; then\n    # print error to STDERR\n    echo \"error: The sandbox is not in sync with the Podfile.lock. Run 'pod install' or update your CocoaPods installation.\" >&2\n    exit 1\nfi\n# This output is used by Xcode 'outputs' to avoid re-running this script phase.\necho \"SUCCESS\" > \"${SCRIPT_OUTPUT_FILE_0}\"\n";
			showEnvVarsInLog = 0;
		};
/* End PBXShellScriptBuildPhase section */

/* Begin PBXSourcesBuildPhase section */
		EAB3952D201A26210054B5BD /* Sources */ = {
			isa = PBXSourcesBuildPhase;
			buildActionMask = 2147483647;
			files = (
				EAB3955E201A28D20054B5BD /* WYMainTabBarController.m in Sources */,
				EAB3955D201A28D20054B5BD /* WYHomeViewController.m in Sources */,
				EAB39544201A26210054B5BD /* main.m in Sources */,
				EAB39536201A26210054B5BD /* AppDelegate.m in Sources */,
			);
			runOnlyForDeploymentPostprocessing = 0;
		};
/* End PBXSourcesBuildPhase section */

/* Begin PBXVariantGroup section */
		EAB3953F201A26210054B5BD /* LaunchScreen.storyboard */ = {
			isa = PBXVariantGroup;
			children = (
				EAB39540201A26210054B5BD /* Base */,
			);
			name = LaunchScreen.storyboard;
			sourceTree = "<group>";
		};
/* End PBXVariantGroup section */

/* Begin XCBuildConfiguration section */
		EAB39545201A26210054B5BD /* Debug */ = {
			isa = XCBuildConfiguration;
			buildSettings = {
				ALWAYS_SEARCH_USER_PATHS = NO;
				CLANG_ANALYZER_NONNULL = YES;
				CLANG_ANALYZER_NUMBER_OBJECT_CONVERSION = YES_AGGRESSIVE;
				CLANG_CXX_LANGUAGE_STANDARD = "gnu++14";
				CLANG_CXX_LIBRARY = "libc++";
				CLANG_ENABLE_MODULES = YES;
				CLANG_ENABLE_OBJC_ARC = YES;
				CLANG_WARN_BLOCK_CAPTURE_AUTORELEASING = YES;
				CLANG_WARN_BOOL_CONVERSION = YES;
				CLANG_WARN_COMMA = YES;
				CLANG_WARN_CONSTANT_CONVERSION = YES;
				CLANG_WARN_DIRECT_OBJC_ISA_USAGE = YES_ERROR;
				CLANG_WARN_DOCUMENTATION_COMMENTS = YES;
				CLANG_WARN_EMPTY_BODY = YES;
				CLANG_WARN_ENUM_CONVERSION = YES;
				CLANG_WARN_INFINITE_RECURSION = YES;
				CLANG_WARN_INT_CONVERSION = YES;
				CLANG_WARN_NON_LITERAL_NULL_CONVERSION = YES;
				CLANG_WARN_OBJC_LITERAL_CONVERSION = YES;
				CLANG_WARN_OBJC_ROOT_CLASS = YES_ERROR;
				CLANG_WARN_RANGE_LOOP_ANALYSIS = YES;
				CLANG_WARN_STRICT_PROTOTYPES = YES;
				CLANG_WARN_SUSPICIOUS_MOVE = YES;
				CLANG_WARN_UNGUARDED_AVAILABILITY = YES_AGGRESSIVE;
				CLANG_WARN_UNREACHABLE_CODE = YES;
				CLANG_WARN__DUPLICATE_METHOD_MATCH = YES;
				CODE_SIGN_IDENTITY = "iPhone Developer";
				COPY_PHASE_STRIP = NO;
				DEBUG_INFORMATION_FORMAT = dwarf;
				ENABLE_STRICT_OBJC_MSGSEND = YES;
				ENABLE_TESTABILITY = YES;
				GCC_C_LANGUAGE_STANDARD = gnu11;
				GCC_DYNAMIC_NO_PIC = NO;
				GCC_NO_COMMON_BLOCKS = YES;
				GCC_OPTIMIZATION_LEVEL = 0;
				GCC_PREPROCESSOR_DEFINITIONS = (
					"DEBUG=1",
					"$(inherited)",
				);
				GCC_WARN_64_TO_32_BIT_CONVERSION = YES;
				GCC_WARN_ABOUT_RETURN_TYPE = YES_ERROR;
				GCC_WARN_UNDECLARED_SELECTOR = YES;
				GCC_WARN_UNINITIALIZED_AUTOS = YES_AGGRESSIVE;
				GCC_WARN_UNUSED_FUNCTION = YES;
				GCC_WARN_UNUSED_VARIABLE = YES;
				IPHONEOS_DEPLOYMENT_TARGET = 11.2;
				MTL_ENABLE_DEBUG_INFO = YES;
				ONLY_ACTIVE_ARCH = YES;
				SDKROOT = iphoneos;
			};
			name = Debug;
		};
		EAB39546201A26210054B5BD /* Release */ = {
			isa = XCBuildConfiguration;
			buildSettings = {
				ALWAYS_SEARCH_USER_PATHS = NO;
				CLANG_ANALYZER_NONNULL = YES;
				CLANG_ANALYZER_NUMBER_OBJECT_CONVERSION = YES_AGGRESSIVE;
				CLANG_CXX_LANGUAGE_STANDARD = "gnu++14";
				CLANG_CXX_LIBRARY = "libc++";
				CLANG_ENABLE_MODULES = YES;
				CLANG_ENABLE_OBJC_ARC = YES;
				CLANG_WARN_BLOCK_CAPTURE_AUTORELEASING = YES;
				CLANG_WARN_BOOL_CONVERSION = YES;
				CLANG_WARN_COMMA = YES;
				CLANG_WARN_CONSTANT_CONVERSION = YES;
				CLANG_WARN_DIRECT_OBJC_ISA_USAGE = YES_ERROR;
				CLANG_WARN_DOCUMENTATION_COMMENTS = YES;
				CLANG_WARN_EMPTY_BODY = YES;
				CLANG_WARN_ENUM_CONVERSION = YES;
				CLANG_WARN_INFINITE_RECURSION = YES;
				CLANG_WARN_INT_CONVERSION = YES;
				CLANG_WARN_NON_LITERAL_NULL_CONVERSION = YES;
				CLANG_WARN_OBJC_LITERAL_CONVERSION = YES;
				CLANG_WARN_OBJC_ROOT_CLASS = YES_ERROR;
				CLANG_WARN_RANGE_LOOP_ANALYSIS = YES;
				CLANG_WARN_STRICT_PROTOTYPES = YES;
				CLANG_WARN_SUSPICIOUS_MOVE = YES;
				CLANG_WARN_UNGUARDED_AVAILABILITY = YES_AGGRESSIVE;
				CLANG_WARN_UNREACHABLE_CODE = YES;
				CLANG_WARN__DUPLICATE_METHOD_MATCH = YES;
				CODE_SIGN_IDENTITY = "iPhone Developer";
				COPY_PHASE_STRIP = NO;
				DEBUG_INFORMATION_FORMAT = "dwarf-with-dsym";
				ENABLE_NS_ASSERTIONS = NO;
				ENABLE_STRICT_OBJC_MSGSEND = YES;
				GCC_C_LANGUAGE_STANDARD = gnu11;
				GCC_NO_COMMON_BLOCKS = YES;
				GCC_WARN_64_TO_32_BIT_CONVERSION = YES;
				GCC_WARN_ABOUT_RETURN_TYPE = YES_ERROR;
				GCC_WARN_UNDECLARED_SELECTOR = YES;
				GCC_WARN_UNINITIALIZED_AUTOS = YES_AGGRESSIVE;
				GCC_WARN_UNUSED_FUNCTION = YES;
				GCC_WARN_UNUSED_VARIABLE = YES;
				IPHONEOS_DEPLOYMENT_TARGET = 11.2;
				MTL_ENABLE_DEBUG_INFO = NO;
				SDKROOT = iphoneos;
				VALIDATE_PRODUCT = YES;
			};
			name = Release;
		};
		EAB39548201A26210054B5BD /* Debug */ = {
			isa = XCBuildConfiguration;
			baseConfigurationReference = E9DBB0ECCE5069E2362D4DB6 /* Pods-GXWYNews.debug.xcconfig */;
			buildSettings = {
				ASSETCATALOG_COMPILER_APPICON_NAME = AppIcon;
				CODE_SIGN_STYLE = Automatic;
				DEVELOPMENT_TEAM = 4JZ9937LUN;
				INFOPLIST_FILE = GXWYNews/Info.plist;
				IPHONEOS_DEPLOYMENT_TARGET = 9.0;
				LD_RUNPATH_SEARCH_PATHS = "$(inherited) @executable_path/Frameworks";
				PRODUCT_BUNDLE_IDENTIFIER = com.Youlongor.GXWYNews;
				PRODUCT_NAME = "$(TARGET_NAME)";
				TARGETED_DEVICE_FAMILY = 1;
			};
			name = Debug;
		};
		EAB39549201A26210054B5BD /* Release */ = {
			isa = XCBuildConfiguration;
			baseConfigurationReference = E3725BAB7DCC142409642F21 /* Pods-GXWYNews.release.xcconfig */;
			buildSettings = {
				ASSETCATALOG_COMPILER_APPICON_NAME = AppIcon;
				CODE_SIGN_STYLE = Automatic;
				DEVELOPMENT_TEAM = 4JZ9937LUN;
				INFOPLIST_FILE = GXWYNews/Info.plist;
				IPHONEOS_DEPLOYMENT_TARGET = 9.0;
				LD_RUNPATH_SEARCH_PATHS = "$(inherited) @executable_path/Frameworks";
				PRODUCT_BUNDLE_IDENTIFIER = com.Youlongor.GXWYNews;
				PRODUCT_NAME = "$(TARGET_NAME)";
				TARGETED_DEVICE_FAMILY = 1;
			};
			name = Release;
		};
/* End XCBuildConfiguration section */

/* Begin XCConfigurationList section */
		EAB3952C201A26210054B5BD /* Build configuration list for PBXProject "GXWYNews" */ = {
			isa = XCConfigurationList;
			buildConfigurations = (
				EAB39545201A26210054B5BD /* Debug */,
				EAB39546201A26210054B5BD /* Release */,
			);
			defaultConfigurationIsVisible = 0;
			defaultConfigurationName = Release;
		};
		EAB39547201A26210054B5BD /* Build configuration list for PBXNativeTarget "GXWYNews" */ = {
			isa = XCConfigurationList;
			buildConfigurations = (
				EAB39548201A26210054B5BD /* Debug */,
				EAB39549201A26210054B5BD /* Release */,
			);
			defaultConfigurationIsVisible = 0;
			defaultConfigurationName = Release;
		};
/* End XCConfigurationList section */
	};
	rootObject = EAB39529201A26210054B5BD /* Project object */;
}
