// !$*UTF8*$!
{
	archiveVersion = 1;
	classes = {
	};
	objectVersion = 48;
	objects = {

/* Begin PBXBuildFile section */
		EAB39536201A26210054B5BD /* AppDelegate.m in Sources */ = {isa = PBXBuildFile; fileRef = EAB39535201A26210054B5BD /* AppDelegate.m */; };
		EAB3953E201A26210054B5BD /* Assets.xcassets in Resources */ = {isa = PBXBuildFile; fileRef = EAB3953D201A26210054B5BD /* Assets.xcassets */; };
		EAB39541201A26210054B5BD /* LaunchScreen.storyboard in Resources */ = {isa = PBXBuildFile; fileRef = EAB3953F201A26210054B5BD /* LaunchScreen.storyboard */; };
		EAB39544201A26210054B5BD /* main.m in Sources */ = {isa = PBXBuildFile; fileRef = EAB39543201A26210054B5BD /* main.m */; };
		EAB3955D201A28D20054B5BD /* WYHomeViewController.m in Sources */ = {isa = PBXBuildFile; fileRef = EAB39557201A28D20054B5BD /* WYHomeViewController.m */; };
		EAB3955E201A28D20054B5BD /* WYMainTabBarController.m in Sources */ = {isa = PBXBuildFile; fileRef = EAB3955A201A28D20054B5BD /* WYMainTabBarController.m */; };
		EAB395AD201A2BF90054B5BD /* NSFileHandle+Addition.m in Sources */ = {isa = PBXBuildFile; fileRef = EAB39562201A2BF90054B5BD /* NSFileHandle+Addition.m */; };
		EAB395AE201A2BF90054B5BD /* UIColor+GXAddition.m in Sources */ = {isa = PBXBuildFile; fileRef = EAB39567201A2BF90054B5BD /* UIColor+GXAddition.m */; };
		EAB395AF201A2BF90054B5BD /* UIView+GXAddition.m in Sources */ = {isa = PBXBuildFile; fileRef = EAB39568201A2BF90054B5BD /* UIView+GXAddition.m */; };
		EAB395B0201A2BF90054B5BD /* NSMutableArray+Helper.m in Sources */ = {isa = PBXBuildFile; fileRef = EAB39569201A2BF90054B5BD /* NSMutableArray+Helper.m */; };
		EAB395B1201A2BF90054B5BD /* NSURLSession+GXAddition.m in Sources */ = {isa = PBXBuildFile; fileRef = EAB3956A201A2BF90054B5BD /* NSURLSession+GXAddition.m */; };
		EAB395B2201A2BF90054B5BD /* UILabel+GXAddition.m in Sources */ = {isa = PBXBuildFile; fileRef = EAB3956C201A2BF90054B5BD /* UILabel+GXAddition.m */; };
		EAB395B3201A2BF90054B5BD /* UIScrollView+GXAddition.m in Sources */ = {isa = PBXBuildFile; fileRef = EAB3956D201A2BF90054B5BD /* UIScrollView+GXAddition.m */; };
		EAB395B4201A2BF90054B5BD /* UIControl+GXAddition.m in Sources */ = {isa = PBXBuildFile; fileRef = EAB39572201A2BF90054B5BD /* UIControl+GXAddition.m */; };
		EAB395B5201A2BF90054B5BD /* NSArray+Addition.m in Sources */ = {isa = PBXBuildFile; fileRef = EAB39575201A2BF90054B5BD /* NSArray+Addition.m */; };
		EAB395B6201A2BF90054B5BD /* UINavigationController+GXAddition.m in Sources */ = {isa = PBXBuildFile; fileRef = EAB39576201A2BF90054B5BD /* UINavigationController+GXAddition.m */; };
		EAB395B7201A2BF90054B5BD /* UIPickerView+GXAddition.m in Sources */ = {isa = PBXBuildFile; fileRef = EAB3957A201A2BF90054B5BD /* UIPickerView+GXAddition.m */; };
		EAB395B8201A2BF90054B5BD /* NSObject+GXAddition.m in Sources */ = {isa = PBXBuildFile; fileRef = EAB3957B201A2BF90054B5BD /* NSObject+GXAddition.m */; };
		EAB395B9201A2BF90054B5BD /* NSDate+GBSAddition.m in Sources */ = {isa = PBXBuildFile; fileRef = EAB3957C201A2BF90054B5BD /* NSDate+GBSAddition.m */; };
		EAB395BA201A2BF90054B5BD /* UIButton+GXAddition.m in Sources */ = {isa = PBXBuildFile; fileRef = EAB3957D201A2BF90054B5BD /* UIButton+GXAddition.m */; };
		EAB395BB201A2BF90054B5BD /* NSFileManager+GXAddition.m in Sources */ = {isa = PBXBuildFile; fileRef = EAB3957F201A2BF90054B5BD /* NSFileManager+GXAddition.m */; };
		EAB395BC201A2BF90054B5BD /* NSNumber+GXAddition.m in Sources */ = {isa = PBXBuildFile; fileRef = EAB39580201A2BF90054B5BD /* NSNumber+GXAddition.m */; };
		EAB395BD201A2BF90054B5BD /* UIViewController+GXAddition.m in Sources */ = {isa = PBXBuildFile; fileRef = EAB39581201A2BF90054B5BD /* UIViewController+GXAddition.m */; };
		EAB395BE201A2BF90054B5BD /* NSArray+Log.m in Sources */ = {isa = PBXBuildFile; fileRef = EAB39587201A2BF90054B5BD /* NSArray+Log.m */; };
		EAB395BF201A2BF90054B5BD /* UIImage+GXAddition.m in Sources */ = {isa = PBXBuildFile; fileRef = EAB3958B201A2BF90054B5BD /* UIImage+GXAddition.m */; };
		EAB395C0201A2BF90054B5BD /* NSString+GXAddition.m in Sources */ = {isa = PBXBuildFile; fileRef = EAB3958C201A2BF90054B5BD /* NSString+GXAddition.m */; };
		EAB395C1201A2BF90054B5BD /* NSDictionary+GXAddition.m in Sources */ = {isa = PBXBuildFile; fileRef = EAB3958E201A2BF90054B5BD /* NSDictionary+GXAddition.m */; };
		EAB395C2201A2BF90054B5BD /* NSData+GXAddition.m in Sources */ = {isa = PBXBuildFile; fileRef = EAB39590201A2BF90054B5BD /* NSData+GXAddition.m */; };
		EAB395C3201A2BF90054B5BD /* GXBaseTextView.m in Sources */ = {isa = PBXBuildFile; fileRef = EAB39592201A2BF90054B5BD /* GXBaseTextView.m */; };
		EAB395C4201A2BF90054B5BD /* GXBaseScrollView.m in Sources */ = {isa = PBXBuildFile; fileRef = EAB39594201A2BF90054B5BD /* GXBaseScrollView.m */; };
		EAB395C5201A2BF90054B5BD /* GXBaseTextField.m in Sources */ = {isa = PBXBuildFile; fileRef = EAB39595201A2BF90054B5BD /* GXBaseTextField.m */; };
		EAB395C6201A2BF90054B5BD /* GXBaseViewController.m in Sources */ = {isa = PBXBuildFile; fileRef = EAB39596201A2BF90054B5BD /* GXBaseViewController.m */; };
		EAB395C7201A2BF90054B5BD /* GXBaseView.m in Sources */ = {isa = PBXBuildFile; fileRef = EAB39597201A2BF90054B5BD /* GXBaseView.m */; };
		EAB395C8201A2BF90054B5BD /* GXBaseControl.m in Sources */ = {isa = PBXBuildFile; fileRef = EAB39599201A2BF90054B5BD /* GXBaseControl.m */; };
		EAB395C9201A2BF90054B5BD /* GXBaseButton.m in Sources */ = {isa = PBXBuildFile; fileRef = EAB3959B201A2BF90054B5BD /* GXBaseButton.m */; };
		EAB395CA201A2BF90054B5BD /* GXGenericity.m in Sources */ = {isa = PBXBuildFile; fileRef = EAB3959C201A2BF90054B5BD /* GXGenericity.m */; };
		EAB395CB201A2BF90054B5BD /* GXBaseTableViewCell.m in Sources */ = {isa = PBXBuildFile; fileRef = EAB395A1201A2BF90054B5BD /* GXBaseTableViewCell.m */; };
		EAB395CC201A2BF90054B5BD /* GXBaseTableView.m in Sources */ = {isa = PBXBuildFile; fileRef = EAB395A6201A2BF90054B5BD /* GXBaseTableView.m */; };
		EAB395CD201A2BF90054B5BD /* GXBaseNavigationController.m in Sources */ = {isa = PBXBuildFile; fileRef = EAB395A7201A2BF90054B5BD /* GXBaseNavigationController.m */; };
		EAB395CE201A2BF90054B5BD /* GXBaseDatePicker.m in Sources */ = {isa = PBXBuildFile; fileRef = EAB395A9201A2BF90054B5BD /* GXBaseDatePicker.m */; };
		EAB395CF201A2BF90054B5BD /* GXBaseLabel.m in Sources */ = {isa = PBXBuildFile; fileRef = EAB395AB201A2BF90054B5BD /* GXBaseLabel.m */; };
		EAB395D2201A2C730054B5BD /* UIControl+Ignore.m in Sources */ = {isa = PBXBuildFile; fileRef = EAB395D1201A2C730054B5BD /* UIControl+Ignore.m */; };
		EAB395D8201A2CF20054B5BD /* UIView+Jump.m in Sources */ = {isa = PBXBuildFile; fileRef = EAB395D7201A2CF20054B5BD /* UIView+Jump.m */; };
		EAB395DB201A2D420054B5BD /* UIView+Extension.m in Sources */ = {isa = PBXBuildFile; fileRef = EAB395DA201A2D420054B5BD /* UIView+Extension.m */; };
		F7E87F40F050473381666DA4 /* libPods-GXWYNews.a in Frameworks */ = {isa = PBXBuildFile; fileRef = 74E2993B90FD2D91272E388E /* libPods-GXWYNews.a */; };
/* End PBXBuildFile section */

/* Begin PBXFileReference section */
		74E2993B90FD2D91272E388E /* libPods-GXWYNews.a */ = {isa = PBXFileReference; explicitFileType = archive.ar; includeInIndex = 0; path = "libPods-GXWYNews.a"; sourceTree = BUILT_PRODUCTS_DIR; };
		E3725BAB7DCC142409642F21 /* Pods-GXWYNews.release.xcconfig */ = {isa = PBXFileReference; includeInIndex = 1; lastKnownFileType = text.xcconfig; name = "Pods-GXWYNews.release.xcconfig"; path = "Pods/Target Support Files/Pods-GXWYNews/Pods-GXWYNews.release.xcconfig"; sourceTree = "<group>"; };
		E9DBB0ECCE5069E2362D4DB6 /* Pods-GXWYNews.debug.xcconfig */ = {isa = PBXFileReference; includeInIndex = 1; lastKnownFileType = text.xcconfig; name = "Pods-GXWYNews.debug.xcconfig"; path = "Pods/Target Support Files/Pods-GXWYNews/Pods-GXWYNews.debug.xcconfig"; sourceTree = "<group>"; };
		EAB39531201A26210054B5BD /* GXWYNews.app */ = {isa = PBXFileReference; explicitFileType = wrapper.application; includeInIndex = 0; path = GXWYNews.app; sourceTree = BUILT_PRODUCTS_DIR; };
		EAB39534201A26210054B5BD /* AppDelegate.h */ = {isa = PBXFileReference; lastKnownFileType = sourcecode.c.h; path = AppDelegate.h; sourceTree = "<group>"; };
		EAB39535201A26210054B5BD /* AppDelegate.m */ = {isa = PBXFileReference; lastKnownFileType = sourcecode.c.objc; path = AppDelegate.m; sourceTree = "<group>"; };
		EAB3953D201A26210054B5BD /* Assets.xcassets */ = {isa = PBXFileReference; lastKnownFileType = folder.assetcatalog; path = Assets.xcassets; sourceTree = "<group>"; };
		EAB39540201A26210054B5BD /* Base */ = {isa = PBXFileReference; lastKnownFileType = file.storyboard; name = Base; path = Base.lproj/LaunchScreen.storyboard; sourceTree = "<group>"; };
		EAB39542201A26210054B5BD /* Info.plist */ = {isa = PBXFileReference; lastKnownFileType = text.plist.xml; path = Info.plist; sourceTree = "<group>"; };
		EAB39543201A26210054B5BD /* main.m */ = {isa = PBXFileReference; lastKnownFileType = sourcecode.c.objc; path = main.m; sourceTree = "<group>"; };
		EAB39557201A28D20054B5BD /* WYHomeViewController.m */ = {isa = PBXFileReference; fileEncoding = 4; lastKnownFileType = sourcecode.c.objc; path = WYHomeViewController.m; sourceTree = "<group>"; };
		EAB39558201A28D20054B5BD /* WYHomeViewController.h */ = {isa = PBXFileReference; fileEncoding = 4; lastKnownFileType = sourcecode.c.h; path = WYHomeViewController.h; sourceTree = "<group>"; };
		EAB3955A201A28D20054B5BD /* WYMainTabBarController.m */ = {isa = PBXFileReference; fileEncoding = 4; lastKnownFileType = sourcecode.c.objc; path = WYMainTabBarController.m; sourceTree = "<group>"; };
		EAB3955B201A28D20054B5BD /* WYMainTabBarController.h */ = {isa = PBXFileReference; fileEncoding = 4; lastKnownFileType = sourcecode.c.h; path = WYMainTabBarController.h; sourceTree = "<group>"; };
		EAB39562201A2BF90054B5BD /* NSFileHandle+Addition.m */ = {isa = PBXFileReference; fileEncoding = 4; lastKnownFileType = sourcecode.c.objc; path = "NSFileHandle+Addition.m"; sourceTree = "<group>"; };
		EAB39563201A2BF90054B5BD /* UIButton+GXAddition.h */ = {isa = PBXFileReference; fileEncoding = 4; lastKnownFileType = sourcecode.c.h; path = "UIButton+GXAddition.h"; sourceTree = "<group>"; };
		EAB39564201A2BF90054B5BD /* NSDate+GBSAddition.h */ = {isa = PBXFileReference; fileEncoding = 4; lastKnownFileType = sourcecode.c.h; path = "NSDate+GBSAddition.h"; sourceTree = "<group>"; };
		EAB39565201A2BF90054B5BD /* NSObject+GXAddition.h */ = {isa = PBXFileReference; fileEncoding = 4; lastKnownFileType = sourcecode.c.h; path = "NSObject+GXAddition.h"; sourceTree = "<group>"; };
		EAB39566201A2BF90054B5BD /* UIPickerView+GXAddition.h */ = {isa = PBXFileReference; fileEncoding = 4; lastKnownFileType = sourcecode.c.h; path = "UIPickerView+GXAddition.h"; sourceTree = "<group>"; };
		EAB39567201A2BF90054B5BD /* UIColor+GXAddition.m */ = {isa = PBXFileReference; fileEncoding = 4; lastKnownFileType = sourcecode.c.objc; path = "UIColor+GXAddition.m"; sourceTree = "<group>"; };
		EAB39568201A2BF90054B5BD /* UIView+GXAddition.m */ = {isa = PBXFileReference; fileEncoding = 4; lastKnownFileType = sourcecode.c.objc; path = "UIView+GXAddition.m"; sourceTree = "<group>"; };
		EAB39569201A2BF90054B5BD /* NSMutableArray+Helper.m */ = {isa = PBXFileReference; fileEncoding = 4; lastKnownFileType = sourcecode.c.objc; path = "NSMutableArray+Helper.m"; sourceTree = "<group>"; };
		EAB3956A201A2BF90054B5BD /* NSURLSession+GXAddition.m */ = {isa = PBXFileReference; fileEncoding = 4; lastKnownFileType = sourcecode.c.objc; path = "NSURLSession+GXAddition.m"; sourceTree = "<group>"; };
		EAB3956B201A2BF90054B5BD /* GXAdditions.h */ = {isa = PBXFileReference; fileEncoding = 4; lastKnownFileType = sourcecode.c.h; path = GXAdditions.h; sourceTree = "<group>"; };
		EAB3956C201A2BF90054B5BD /* UILabel+GXAddition.m */ = {isa = PBXFileReference; fileEncoding = 4; lastKnownFileType = sourcecode.c.objc; path = "UILabel+GXAddition.m"; sourceTree = "<group>"; };
		EAB3956D201A2BF90054B5BD /* UIScrollView+GXAddition.m */ = {isa = PBXFileReference; fileEncoding = 4; lastKnownFileType = sourcecode.c.objc; path = "UIScrollView+GXAddition.m"; sourceTree = "<group>"; };
		EAB3956E201A2BF90054B5BD /* UIViewController+GXAddition.h */ = {isa = PBXFileReference; fileEncoding = 4; lastKnownFileType = sourcecode.c.h; path = "UIViewController+GXAddition.h"; sourceTree = "<group>"; };
		EAB3956F201A2BF90054B5BD /* NSFileManager+GXAddition.h */ = {isa = PBXFileReference; fileEncoding = 4; lastKnownFileType = sourcecode.c.h; path = "NSFileManager+GXAddition.h"; sourceTree = "<group>"; };
		EAB39570201A2BF90054B5BD /* NSNumber+GXAddition.h */ = {isa = PBXFileReference; fileEncoding = 4; lastKnownFileType = sourcecode.c.h; path = "NSNumber+GXAddition.h"; sourceTree = "<group>"; };
		EAB39571201A2BF90054B5BD /* NSDictionary+GXAddition.h */ = {isa = PBXFileReference; fileEncoding = 4; lastKnownFileType = sourcecode.c.h; path = "NSDictionary+GXAddition.h"; sourceTree = "<group>"; };
		EAB39572201A2BF90054B5BD /* UIControl+GXAddition.m */ = {isa = PBXFileReference; fileEncoding = 4; lastKnownFileType = sourcecode.c.objc; path = "UIControl+GXAddition.m"; sourceTree = "<group>"; };
		EAB39573201A2BF90054B5BD /* NSString+GXAddition.h */ = {isa = PBXFileReference; fileEncoding = 4; lastKnownFileType = sourcecode.c.h; path = "NSString+GXAddition.h"; sourceTree = "<group>"; };
		EAB39574201A2BF90054B5BD /* UIImage+GXAddition.h */ = {isa = PBXFileReference; fileEncoding = 4; lastKnownFileType = sourcecode.c.h; path = "UIImage+GXAddition.h"; sourceTree = "<group>"; };
		EAB39575201A2BF90054B5BD /* NSArray+Addition.m */ = {isa = PBXFileReference; fileEncoding = 4; lastKnownFileType = sourcecode.c.objc; path = "NSArray+Addition.m"; sourceTree = "<group>"; };
		EAB39576201A2BF90054B5BD /* UINavigationController+GXAddition.m */ = {isa = PBXFileReference; fileEncoding = 4; lastKnownFileType = sourcecode.c.objc; path = "UINavigationController+GXAddition.m"; sourceTree = "<group>"; };
		EAB39577201A2BF90054B5BD /* NSData+GXAddition.h */ = {isa = PBXFileReference; fileEncoding = 4; lastKnownFileType = sourcecode.c.h; path = "NSData+GXAddition.h"; sourceTree = "<group>"; };
		EAB39578201A2BF90054B5BD /* UIView+GXAddition.h */ = {isa = PBXFileReference; fileEncoding = 4; lastKnownFileType = sourcecode.c.h; path = "UIView+GXAddition.h"; sourceTree = "<group>"; };
		EAB39579201A2BF90054B5BD /* UIColor+GXAddition.h */ = {isa = PBXFileReference; fileEncoding = 4; lastKnownFileType = sourcecode.c.h; path = "UIColor+GXAddition.h"; sourceTree = "<group>"; };
		EAB3957A201A2BF90054B5BD /* UIPickerView+GXAddition.m */ = {isa = PBXFileReference; fileEncoding = 4; lastKnownFileType = sourcecode.c.objc; path = "UIPickerView+GXAddition.m"; sourceTree = "<group>"; };
		EAB3957B201A2BF90054B5BD /* NSObject+GXAddition.m */ = {isa = PBXFileReference; fileEncoding = 4; lastKnownFileType = sourcecode.c.objc; path = "NSObject+GXAddition.m"; sourceTree = "<group>"; };
		EAB3957C201A2BF90054B5BD /* NSDate+GBSAddition.m */ = {isa = PBXFileReference; fileEncoding = 4; lastKnownFileType = sourcecode.c.objc; path = "NSDate+GBSAddition.m"; sourceTree = "<group>"; };
		EAB3957D201A2BF90054B5BD /* UIButton+GXAddition.m */ = {isa = PBXFileReference; fileEncoding = 4; lastKnownFileType = sourcecode.c.objc; path = "UIButton+GXAddition.m"; sourceTree = "<group>"; };
		EAB3957E201A2BF90054B5BD /* NSFileHandle+Addition.h */ = {isa = PBXFileReference; fileEncoding = 4; lastKnownFileType = sourcecode.c.h; path = "NSFileHandle+Addition.h"; sourceTree = "<group>"; };
		EAB3957F201A2BF90054B5BD /* NSFileManager+GXAddition.m */ = {isa = PBXFileReference; fileEncoding = 4; lastKnownFileType = sourcecode.c.objc; path = "NSFileManager+GXAddition.m"; sourceTree = "<group>"; };
		EAB39580201A2BF90054B5BD /* NSNumber+GXAddition.m */ = {isa = PBXFileReference; fileEncoding = 4; lastKnownFileType = sourcecode.c.objc; path = "NSNumber+GXAddition.m"; sourceTree = "<group>"; };
		EAB39581201A2BF90054B5BD /* UIViewController+GXAddition.m */ = {isa = PBXFileReference; fileEncoding = 4; lastKnownFileType = sourcecode.c.objc; path = "UIViewController+GXAddition.m"; sourceTree = "<group>"; };
		EAB39582201A2BF90054B5BD /* UIScrollView+GXAddition.h */ = {isa = PBXFileReference; fileEncoding = 4; lastKnownFileType = sourcecode.c.h; path = "UIScrollView+GXAddition.h"; sourceTree = "<group>"; };
		EAB39583201A2BF90054B5BD /* UILabel+GXAddition.h */ = {isa = PBXFileReference; fileEncoding = 4; lastKnownFileType = sourcecode.c.h; path = "UILabel+GXAddition.h"; sourceTree = "<group>"; };
		EAB39584201A2BF90054B5BD /* NSURLSession+GXAddition.h */ = {isa = PBXFileReference; fileEncoding = 4; lastKnownFileType = sourcecode.c.h; path = "NSURLSession+GXAddition.h"; sourceTree = "<group>"; };
		EAB39586201A2BF90054B5BD /* NSArray+Log.h */ = {isa = PBXFileReference; fileEncoding = 4; lastKnownFileType = sourcecode.c.h; path = "NSArray+Log.h"; sourceTree = "<group>"; };
		EAB39587201A2BF90054B5BD /* NSArray+Log.m */ = {isa = PBXFileReference; fileEncoding = 4; lastKnownFileType = sourcecode.c.objc; path = "NSArray+Log.m"; sourceTree = "<group>"; };
		EAB39588201A2BF90054B5BD /* NSMutableArray+Helper.h */ = {isa = PBXFileReference; fileEncoding = 4; lastKnownFileType = sourcecode.c.h; path = "NSMutableArray+Helper.h"; sourceTree = "<group>"; };
		EAB39589201A2BF90054B5BD /* NSArray+Addition.h */ = {isa = PBXFileReference; fileEncoding = 4; lastKnownFileType = sourcecode.c.h; path = "NSArray+Addition.h"; sourceTree = "<group>"; };
		EAB3958A201A2BF90054B5BD /* UINavigationController+GXAddition.h */ = {isa = PBXFileReference; fileEncoding = 4; lastKnownFileType = sourcecode.c.h; path = "UINavigationController+GXAddition.h"; sourceTree = "<group>"; };
		EAB3958B201A2BF90054B5BD /* UIImage+GXAddition.m */ = {isa = PBXFileReference; fileEncoding = 4; lastKnownFileType = sourcecode.c.objc; path = "UIImage+GXAddition.m"; sourceTree = "<group>"; };
		EAB3958C201A2BF90054B5BD /* NSString+GXAddition.m */ = {isa = PBXFileReference; fileEncoding = 4; lastKnownFileType = sourcecode.c.objc; path = "NSString+GXAddition.m"; sourceTree = "<group>"; };
		EAB3958D201A2BF90054B5BD /* UIControl+GXAddition.h */ = {isa = PBXFileReference; fileEncoding = 4; lastKnownFileType = sourcecode.c.h; path = "UIControl+GXAddition.h"; sourceTree = "<group>"; };
		EAB3958E201A2BF90054B5BD /* NSDictionary+GXAddition.m */ = {isa = PBXFileReference; fileEncoding = 4; lastKnownFileType = sourcecode.c.objc; path = "NSDictionary+GXAddition.m"; sourceTree = "<group>"; };
		EAB3958F201A2BF90054B5BD /* Iterator.h */ = {isa = PBXFileReference; fileEncoding = 4; lastKnownFileType = sourcecode.c.h; path = Iterator.h; sourceTree = "<group>"; };
		EAB39590201A2BF90054B5BD /* NSData+GXAddition.m */ = {isa = PBXFileReference; fileEncoding = 4; lastKnownFileType = sourcecode.c.objc; path = "NSData+GXAddition.m"; sourceTree = "<group>"; };
		EAB39592201A2BF90054B5BD /* GXBaseTextView.m */ = {isa = PBXFileReference; fileEncoding = 4; lastKnownFileType = sourcecode.c.objc; path = GXBaseTextView.m; sourceTree = "<group>"; };
		EAB39593201A2BF90054B5BD /* GXBaseTableViewCell.h */ = {isa = PBXFileReference; fileEncoding = 4; lastKnownFileType = sourcecode.c.h; path = GXBaseTableViewCell.h; sourceTree = "<group>"; };
		EAB39594201A2BF90054B5BD /* GXBaseScrollView.m */ = {isa = PBXFileReference; fileEncoding = 4; lastKnownFileType = sourcecode.c.objc; path = GXBaseScrollView.m; sourceTree = "<group>"; };
		EAB39595201A2BF90054B5BD /* GXBaseTextField.m */ = {isa = PBXFileReference; fileEncoding = 4; lastKnownFileType = sourcecode.c.objc; path = GXBaseTextField.m; sourceTree = "<group>"; };
		EAB39596201A2BF90054B5BD /* GXBaseViewController.m */ = {isa = PBXFileReference; fileEncoding = 4; lastKnownFileType = sourcecode.c.objc; path = GXBaseViewController.m; sourceTree = "<group>"; };
		EAB39597201A2BF90054B5BD /* GXBaseView.m */ = {isa = PBXFileReference; fileEncoding = 4; lastKnownFileType = sourcecode.c.objc; path = GXBaseView.m; sourceTree = "<group>"; };
		EAB39598201A2BF90054B5BD /* GXBaseTableView.h */ = {isa = PBXFileReference; fileEncoding = 4; lastKnownFileType = sourcecode.c.h; path = GXBaseTableView.h; sourceTree = "<group>"; };
		EAB39599201A2BF90054B5BD /* GXBaseControl.m */ = {isa = PBXFileReference; fileEncoding = 4; lastKnownFileType = sourcecode.c.objc; path = GXBaseControl.m; sourceTree = "<group>"; };
		EAB3959A201A2BF90054B5BD /* GXBaseLabel.h */ = {isa = PBXFileReference; fileEncoding = 4; lastKnownFileType = sourcecode.c.h; path = GXBaseLabel.h; sourceTree = "<group>"; };
		EAB3959B201A2BF90054B5BD /* GXBaseButton.m */ = {isa = PBXFileReference; fileEncoding = 4; lastKnownFileType = sourcecode.c.objc; path = GXBaseButton.m; sourceTree = "<group>"; };
		EAB3959C201A2BF90054B5BD /* GXGenericity.m */ = {isa = PBXFileReference; fileEncoding = 4; lastKnownFileType = sourcecode.c.objc; path = GXGenericity.m; sourceTree = "<group>"; };
		EAB3959D201A2BF90054B5BD /* GXBaseDatePicker.h */ = {isa = PBXFileReference; fileEncoding = 4; lastKnownFileType = sourcecode.c.h; path = GXBaseDatePicker.h; sourceTree = "<group>"; };
		EAB3959E201A2BF90054B5BD /* GXBaseNavigationController.h */ = {isa = PBXFileReference; fileEncoding = 4; lastKnownFileType = sourcecode.c.h; path = GXBaseNavigationController.h; sourceTree = "<group>"; };
		EAB3959F201A2BF90054B5BD /* GXBaseTextField.h */ = {isa = PBXFileReference; fileEncoding = 4; lastKnownFileType = sourcecode.c.h; path = GXBaseTextField.h; sourceTree = "<group>"; };
		EAB395A0201A2BF90054B5BD /* GXBaseScrollView.h */ = {isa = PBXFileReference; fileEncoding = 4; lastKnownFileType = sourcecode.c.h; path = GXBaseScrollView.h; sourceTree = "<group>"; };
		EAB395A1201A2BF90054B5BD /* GXBaseTableViewCell.m */ = {isa = PBXFileReference; fileEncoding = 4; lastKnownFileType = sourcecode.c.objc; path = GXBaseTableViewCell.m; sourceTree = "<group>"; };
		EAB395A2201A2BF90054B5BD /* GXBaseTextView.h */ = {isa = PBXFileReference; fileEncoding = 4; lastKnownFileType = sourcecode.c.h; path = GXBaseTextView.h; sourceTree = "<group>"; };
		EAB395A3201A2BF90054B5BD /* GXBaseView.h */ = {isa = PBXFileReference; fileEncoding = 4; lastKnownFileType = sourcecode.c.h; path = GXBaseView.h; sourceTree = "<group>"; };
		EAB395A4201A2BF90054B5BD /* GXBaseViewController.h */ = {isa = PBXFileReference; fileEncoding = 4; lastKnownFileType = sourcecode.c.h; path = GXBaseViewController.h; sourceTree = "<group>"; };
		EAB395A5201A2BF90054B5BD /* GXBase.h */ = {isa = PBXFileReference; fileEncoding = 4; lastKnownFileType = sourcecode.c.h; path = GXBase.h; sourceTree = "<group>"; };
		EAB395A6201A2BF90054B5BD /* GXBaseTableView.m */ = {isa = PBXFileReference; fileEncoding = 4; lastKnownFileType = sourcecode.c.objc; path = GXBaseTableView.m; sourceTree = "<group>"; };
		EAB395A7201A2BF90054B5BD /* GXBaseNavigationController.m */ = {isa = PBXFileReference; fileEncoding = 4; lastKnownFileType = sourcecode.c.objc; path = GXBaseNavigationController.m; sourceTree = "<group>"; };
		EAB395A8201A2BF90054B5BD /* GXGenericity.h */ = {isa = PBXFileReference; fileEncoding = 4; lastKnownFileType = sourcecode.c.h; path = GXGenericity.h; sourceTree = "<group>"; };
		EAB395A9201A2BF90054B5BD /* GXBaseDatePicker.m */ = {isa = PBXFileReference; fileEncoding = 4; lastKnownFileType = sourcecode.c.objc; path = GXBaseDatePicker.m; sourceTree = "<group>"; };
		EAB395AA201A2BF90054B5BD /* GXBaseButton.h */ = {isa = PBXFileReference; fileEncoding = 4; lastKnownFileType = sourcecode.c.h; path = GXBaseButton.h; sourceTree = "<group>"; };
		EAB395AB201A2BF90054B5BD /* GXBaseLabel.m */ = {isa = PBXFileReference; fileEncoding = 4; lastKnownFileType = sourcecode.c.objc; path = GXBaseLabel.m; sourceTree = "<group>"; };
		EAB395AC201A2BF90054B5BD /* GXBaseControl.h */ = {isa = PBXFileReference; fileEncoding = 4; lastKnownFileType = sourcecode.c.h; path = GXBaseControl.h; sourceTree = "<group>"; };
		EAB395D0201A2C720054B5BD /* UIControl+Ignore.h */ = {isa = PBXFileReference; fileEncoding = 4; lastKnownFileType = sourcecode.c.h; path = "UIControl+Ignore.h"; sourceTree = "<group>"; };
		EAB395D1201A2C730054B5BD /* UIControl+Ignore.m */ = {isa = PBXFileReference; fileEncoding = 4; lastKnownFileType = sourcecode.c.objc; path = "UIControl+Ignore.m"; sourceTree = "<group>"; };
		EAB395D6201A2CF20054B5BD /* UIView+Jump.h */ = {isa = PBXFileReference; fileEncoding = 4; lastKnownFileType = sourcecode.c.h; path = "UIView+Jump.h"; sourceTree = "<group>"; };
		EAB395D7201A2CF20054B5BD /* UIView+Jump.m */ = {isa = PBXFileReference; fileEncoding = 4; lastKnownFileType = sourcecode.c.objc; path = "UIView+Jump.m"; sourceTree = "<group>"; };
		EAB395D9201A2D420054B5BD /* UIView+Extension.h */ = {isa = PBXFileReference; fileEncoding = 4; lastKnownFileType = sourcecode.c.h; name = "UIView+Extension.h"; path = "GXWYNews/Tools/Additions/UIView+Extension.h"; sourceTree = SOURCE_ROOT; };
		EAB395DA201A2D420054B5BD /* UIView+Extension.m */ = {isa = PBXFileReference; fileEncoding = 4; lastKnownFileType = sourcecode.c.objc; name = "UIView+Extension.m"; path = "GXWYNews/Tools/Additions/UIView+Extension.m"; sourceTree = SOURCE_ROOT; };
		EAB395DF201A30990054B5BD /* WYPrefixHeader.pch */ = {isa = PBXFileReference; lastKnownFileType = sourcecode.c.h; path = WYPrefixHeader.pch; sourceTree = "<group>"; };
/* End PBXFileReference section */

/* Begin PBXFrameworksBuildPhase section */
		EAB3952E201A26210054B5BD /* Frameworks */ = {
			isa = PBXFrameworksBuildPhase;
			buildActionMask = 2147483647;
			files = (
				F7E87F40F050473381666DA4 /* libPods-GXWYNews.a in Frameworks */,
			);
			runOnlyForDeploymentPostprocessing = 0;
		};
/* End PBXFrameworksBuildPhase section */

/* Begin PBXGroup section */
		DA814D28C9C0450CB77A9D22 /* Frameworks */ = {
			isa = PBXGroup;
			children = (
				74E2993B90FD2D91272E388E /* libPods-GXWYNews.a */,
			);
			name = Frameworks;
			sourceTree = "<group>";
		};
		E9260EEFCA0152254A619A62 /* Pods */ = {
			isa = PBXGroup;
			children = (
				E9DBB0ECCE5069E2362D4DB6 /* Pods-GXWYNews.debug.xcconfig */,
				E3725BAB7DCC142409642F21 /* Pods-GXWYNews.release.xcconfig */,
			);
			name = Pods;
			sourceTree = "<group>";
		};
		EAB39528201A26210054B5BD = {
			isa = PBXGroup;
			children = (
				EAB39533201A26210054B5BD /* GXWYNews */,
				EAB39532201A26210054B5BD /* Products */,
				E9260EEFCA0152254A619A62 /* Pods */,
				DA814D28C9C0450CB77A9D22 /* Frameworks */,
			);
			sourceTree = "<group>";
		};
		EAB39532201A26210054B5BD /* Products */ = {
			isa = PBXGroup;
			children = (
				EAB39531201A26210054B5BD /* GXWYNews.app */,
			);
			name = Products;
			sourceTree = "<group>";
		};
		EAB39533201A26210054B5BD /* GXWYNews */ = {
			isa = PBXGroup;
			children = (
				EAB3955F201A2BF90054B5BD /* Common */,
				EAB39560201A2BF90054B5BD /* Tools */,
				EAB39555201A28D20054B5BD /* Classes */,
				EAB39534201A26210054B5BD /* AppDelegate.h */,
				EAB39535201A26210054B5BD /* AppDelegate.m */,
				EAB3954A201A26490054B5BD /* Supporting Files */,
			);
			path = GXWYNews;
			sourceTree = "<group>";
		};
		EAB3954A201A26490054B5BD /* Supporting Files */ = {
			isa = PBXGroup;
			children = (
				EAB3953D201A26210054B5BD /* Assets.xcassets */,
				EAB3953F201A26210054B5BD /* LaunchScreen.storyboard */,
				EAB39542201A26210054B5BD /* Info.plist */,
				EAB39543201A26210054B5BD /* main.m */,
				EAB395DF201A30990054B5BD /* WYPrefixHeader.pch */,
			);
			name = "Supporting Files";
			sourceTree = "<group>";
		};
		EAB39555201A28D20054B5BD /* Classes */ = {
			isa = PBXGroup;
			children = (
				EAB39559201A28D20054B5BD /* Main */,
				EAB39556201A28D20054B5BD /* Home */,
			);
			path = Classes;
			sourceTree = "<group>";
		};
		EAB39556201A28D20054B5BD /* Home */ = {
			isa = PBXGroup;
			children = (
				EAB39558201A28D20054B5BD /* WYHomeViewController.h */,
				EAB39557201A28D20054B5BD /* WYHomeViewController.m */,
			);
			path = Home;
			sourceTree = "<group>";
		};
		EAB39559201A28D20054B5BD /* Main */ = {
			isa = PBXGroup;
			children = (
				EAB3955B201A28D20054B5BD /* WYMainTabBarController.h */,
				EAB3955A201A28D20054B5BD /* WYMainTabBarController.m */,
			);
			path = Main;
			sourceTree = "<group>";
		};
		EAB3955F201A2BF90054B5BD /* Common */ = {
			isa = PBXGroup;
			children = (
			);
			path = Common;
			sourceTree = "<group>";
		};
		EAB39560201A2BF90054B5BD /* Tools */ = {
			isa = PBXGroup;
			children = (
				EAB39561201A2BF90054B5BD /* Additions */,
				EAB39591201A2BF90054B5BD /* Base */,
			);
			path = Tools;
			sourceTree = "<group>";
		};
		EAB39561201A2BF90054B5BD /* Additions */ = {
			isa = PBXGroup;
			children = (
				EAB3956B201A2BF90054B5BD /* GXAdditions.h */,
				EAB39585201A2BF90054B5BD /* Log */,
				EAB39562201A2BF90054B5BD /* NSFileHandle+Addition.m */,
				EAB39563201A2BF90054B5BD /* UIButton+GXAddition.h */,
				EAB39564201A2BF90054B5BD /* NSDate+GBSAddition.h */,
				EAB39565201A2BF90054B5BD /* NSObject+GXAddition.h */,
				EAB39566201A2BF90054B5BD /* UIPickerView+GXAddition.h */,
				EAB39567201A2BF90054B5BD /* UIColor+GXAddition.m */,
				EAB39568201A2BF90054B5BD /* UIView+GXAddition.m */,
				EAB39569201A2BF90054B5BD /* NSMutableArray+Helper.m */,
				EAB3956A201A2BF90054B5BD /* NSURLSession+GXAddition.m */,
				EAB3956C201A2BF90054B5BD /* UILabel+GXAddition.m */,
				EAB3956D201A2BF90054B5BD /* UIScrollView+GXAddition.m */,
				EAB3956E201A2BF90054B5BD /* UIViewController+GXAddition.h */,
				EAB3956F201A2BF90054B5BD /* NSFileManager+GXAddition.h */,
				EAB39570201A2BF90054B5BD /* NSNumber+GXAddition.h */,
				EAB39571201A2BF90054B5BD /* NSDictionary+GXAddition.h */,
				EAB39572201A2BF90054B5BD /* UIControl+GXAddition.m */,
				EAB39573201A2BF90054B5BD /* NSString+GXAddition.h */,
				EAB39574201A2BF90054B5BD /* UIImage+GXAddition.h */,
				EAB39575201A2BF90054B5BD /* NSArray+Addition.m */,
				EAB39576201A2BF90054B5BD /* UINavigationController+GXAddition.m */,
				EAB39577201A2BF90054B5BD /* NSData+GXAddition.h */,
				EAB39578201A2BF90054B5BD /* UIView+GXAddition.h */,
				EAB39579201A2BF90054B5BD /* UIColor+GXAddition.h */,
				EAB3957A201A2BF90054B5BD /* UIPickerView+GXAddition.m */,
				EAB3957B201A2BF90054B5BD /* NSObject+GXAddition.m */,
				EAB3957C201A2BF90054B5BD /* NSDate+GBSAddition.m */,
				EAB3957D201A2BF90054B5BD /* UIButton+GXAddition.m */,
				EAB3957E201A2BF90054B5BD /* NSFileHandle+Addition.h */,
				EAB3957F201A2BF90054B5BD /* NSFileManager+GXAddition.m */,
				EAB39580201A2BF90054B5BD /* NSNumber+GXAddition.m */,
				EAB39581201A2BF90054B5BD /* UIViewController+GXAddition.m */,
				EAB39582201A2BF90054B5BD /* UIScrollView+GXAddition.h */,
				EAB39583201A2BF90054B5BD /* UILabel+GXAddition.h */,
				EAB39584201A2BF90054B5BD /* NSURLSession+GXAddition.h */,
				EAB39588201A2BF90054B5BD /* NSMutableArray+Helper.h */,
				EAB39589201A2BF90054B5BD /* NSArray+Addition.h */,
				EAB3958A201A2BF90054B5BD /* UINavigationController+GXAddition.h */,
				EAB3958B201A2BF90054B5BD /* UIImage+GXAddition.m */,
				EAB3958C201A2BF90054B5BD /* NSString+GXAddition.m */,
				EAB3958D201A2BF90054B5BD /* UIControl+GXAddition.h */,
				EAB3958E201A2BF90054B5BD /* NSDictionary+GXAddition.m */,
				EAB3958F201A2BF90054B5BD /* Iterator.h */,
				EAB39590201A2BF90054B5BD /* NSData+GXAddition.m */,
				EAB395D0201A2C720054B5BD /* UIControl+Ignore.h */,
				EAB395D1201A2C730054B5BD /* UIControl+Ignore.m */,
				EAB395D6201A2CF20054B5BD /* UIView+Jump.h */,
				EAB395D7201A2CF20054B5BD /* UIView+Jump.m */,
				EAB395D9201A2D420054B5BD /* UIView+Extension.h */,
				EAB395DA201A2D420054B5BD /* UIView+Extension.m */,
			);
			path = Additions;
			sourceTree = "<group>";
		};
		EAB39585201A2BF90054B5BD /* Log */ = {
			isa = PBXGroup;
			children = (
				EAB39586201A2BF90054B5BD /* NSArray+Log.h */,
				EAB39587201A2BF90054B5BD /* NSArray+Log.m */,
			);
			path = Log;
			sourceTree = "<group>";
		};
		EAB39591201A2BF90054B5BD /* Base */ = {
			isa = PBXGroup;
			children = (
				EAB395A5201A2BF90054B5BD /* GXBase.h */,
				EAB39592201A2BF90054B5BD /* GXBaseTextView.m */,
				EAB39593201A2BF90054B5BD /* GXBaseTableViewCell.h */,
				EAB39594201A2BF90054B5BD /* GXBaseScrollView.m */,
				EAB39595201A2BF90054B5BD /* GXBaseTextField.m */,
				EAB39596201A2BF90054B5BD /* GXBaseViewController.m */,
				EAB39597201A2BF90054B5BD /* GXBaseView.m */,
				EAB39598201A2BF90054B5BD /* GXBaseTableView.h */,
				EAB39599201A2BF90054B5BD /* GXBaseControl.m */,
				EAB3959A201A2BF90054B5BD /* GXBaseLabel.h */,
				EAB3959B201A2BF90054B5BD /* GXBaseButton.m */,
				EAB3959C201A2BF90054B5BD /* GXGenericity.m */,
				EAB3959D201A2BF90054B5BD /* GXBaseDatePicker.h */,
				EAB3959E201A2BF90054B5BD /* GXBaseNavigationController.h */,
				EAB3959F201A2BF90054B5BD /* GXBaseTextField.h */,
				EAB395A0201A2BF90054B5BD /* GXBaseScrollView.h */,
				EAB395A1201A2BF90054B5BD /* GXBaseTableViewCell.m */,
				EAB395A2201A2BF90054B5BD /* GXBaseTextView.h */,
				EAB395A3201A2BF90054B5BD /* GXBaseView.h */,
				EAB395A4201A2BF90054B5BD /* GXBaseViewController.h */,
				EAB395A6201A2BF90054B5BD /* GXBaseTableView.m */,
				EAB395A7201A2BF90054B5BD /* GXBaseNavigationController.m */,
				EAB395A8201A2BF90054B5BD /* GXGenericity.h */,
				EAB395A9201A2BF90054B5BD /* GXBaseDatePicker.m */,
				EAB395AA201A2BF90054B5BD /* GXBaseButton.h */,
				EAB395AB201A2BF90054B5BD /* GXBaseLabel.m */,
				EAB395AC201A2BF90054B5BD /* GXBaseControl.h */,
			);
			path = Base;
			sourceTree = "<group>";
		};
/* End PBXGroup section */

/* Begin PBXNativeTarget section */
		EAB39530201A26210054B5BD /* GXWYNews */ = {
			isa = PBXNativeTarget;
			buildConfigurationList = EAB39547201A26210054B5BD /* Build configuration list for PBXNativeTarget "GXWYNews" */;
			buildPhases = (
				D236D36F56292B0A0E26F874 /* [CP] Check Pods Manifest.lock */,
				EAB3952D201A26210054B5BD /* Sources */,
				EAB3952E201A26210054B5BD /* Frameworks */,
				EAB3952F201A26210054B5BD /* Resources */,
				029007BD18060F6E8807CC60 /* [CP] Embed Pods Frameworks */,
				C57C9F361E786AC0C930BC54 /* [CP] Copy Pods Resources */,
			);
			buildRules = (
			);
			dependencies = (
			);
			name = GXWYNews;
			productName = GXWYNews;
			productReference = EAB39531201A26210054B5BD /* GXWYNews.app */;
			productType = "com.apple.product-type.application";
		};
/* End PBXNativeTarget section */

/* Begin PBXProject section */
		EAB39529201A26210054B5BD /* Project object */ = {
			isa = PBXProject;
			attributes = {
				CLASSPREFIX = WY;
				LastUpgradeCheck = 0920;
				ORGANIZATIONNAME = Tony;
				TargetAttributes = {
					EAB39530201A26210054B5BD = {
						CreatedOnToolsVersion = 9.2;
						ProvisioningStyle = Automatic;
					};
				};
			};
			buildConfigurationList = EAB3952C201A26210054B5BD /* Build configuration list for PBXProject "GXWYNews" */;
			compatibilityVersion = "Xcode 8.0";
			developmentRegion = en;
			hasScannedForEncodings = 0;
			knownRegions = (
				en,
				Base,
			);
			mainGroup = EAB39528201A26210054B5BD;
			productRefGroup = EAB39532201A26210054B5BD /* Products */;
			projectDirPath = "";
			projectRoot = "";
			targets = (
				EAB39530201A26210054B5BD /* GXWYNews */,
			);
		};
/* End PBXProject section */

/* Begin PBXResourcesBuildPhase section */
		EAB3952F201A26210054B5BD /* Resources */ = {
			isa = PBXResourcesBuildPhase;
			buildActionMask = 2147483647;
			files = (
				EAB39541201A26210054B5BD /* LaunchScreen.storyboard in Resources */,
				EAB3953E201A26210054B5BD /* Assets.xcassets in Resources */,
			);
			runOnlyForDeploymentPostprocessing = 0;
		};
/* End PBXResourcesBuildPhase section */

/* Begin PBXShellScriptBuildPhase section */
		029007BD18060F6E8807CC60 /* [CP] Embed Pods Frameworks */ = {
			isa = PBXShellScriptBuildPhase;
			buildActionMask = 2147483647;
			files = (
			);
			inputPaths = (
			);
			name = "[CP] Embed Pods Frameworks";
			outputPaths = (
			);
			runOnlyForDeploymentPostprocessing = 0;
			shellPath = /bin/sh;
			shellScript = "\"${SRCROOT}/Pods/Target Support Files/Pods-GXWYNews/Pods-GXWYNews-frameworks.sh\"\n";
			showEnvVarsInLog = 0;
		};
		C57C9F361E786AC0C930BC54 /* [CP] Copy Pods Resources */ = {
			isa = PBXShellScriptBuildPhase;
			buildActionMask = 2147483647;
			files = (
			);
			inputPaths = (
			);
			name = "[CP] Copy Pods Resources";
			outputPaths = (
			);
			runOnlyForDeploymentPostprocessing = 0;
			shellPath = /bin/sh;
			shellScript = "\"${SRCROOT}/Pods/Target Support Files/Pods-GXWYNews/Pods-GXWYNews-resources.sh\"\n";
			showEnvVarsInLog = 0;
		};
		D236D36F56292B0A0E26F874 /* [CP] Check Pods Manifest.lock */ = {
			isa = PBXShellScriptBuildPhase;
			buildActionMask = 2147483647;
			files = (
			);
			inputPaths = (
				"${PODS_PODFILE_DIR_PATH}/Podfile.lock",
				"${PODS_ROOT}/Manifest.lock",
			);
			name = "[CP] Check Pods Manifest.lock";
			outputPaths = (
				"$(DERIVED_FILE_DIR)/Pods-GXWYNews-checkManifestLockResult.txt",
			);
			runOnlyForDeploymentPostprocessing = 0;
			shellPath = /bin/sh;
			shellScript = "diff \"${PODS_PODFILE_DIR_PATH}/Podfile.lock\" \"${PODS_ROOT}/Manifest.lock\" > /dev/null\nif [ $? != 0 ] ; then\n    # print error to STDERR\n    echo \"error: The sandbox is not in sync with the Podfile.lock. Run 'pod install' or update your CocoaPods installation.\" >&2\n    exit 1\nfi\n# This output is used by Xcode 'outputs' to avoid re-running this script phase.\necho \"SUCCESS\" > \"${SCRIPT_OUTPUT_FILE_0}\"\n";
			showEnvVarsInLog = 0;
		};
/* End PBXShellScriptBuildPhase section */

/* Begin PBXSourcesBuildPhase section */
		EAB3952D201A26210054B5BD /* Sources */ = {
			isa = PBXSourcesBuildPhase;
			buildActionMask = 2147483647;
			files = (
				EAB395B7201A2BF90054B5BD /* UIPickerView+GXAddition.m in Sources */,
				EAB395C9201A2BF90054B5BD /* GXBaseButton.m in Sources */,
				EAB395CF201A2BF90054B5BD /* GXBaseLabel.m in Sources */,
				EAB395B9201A2BF90054B5BD /* NSDate+GBSAddition.m in Sources */,
				EAB3955E201A28D20054B5BD /* WYMainTabBarController.m in Sources */,
				EAB395C5201A2BF90054B5BD /* GXBaseTextField.m in Sources */,
				EAB395BD201A2BF90054B5BD /* UIViewController+GXAddition.m in Sources */,
				EAB395C8201A2BF90054B5BD /* GXBaseControl.m in Sources */,
				EAB395AD201A2BF90054B5BD /* NSFileHandle+Addition.m in Sources */,
				EAB395C3201A2BF90054B5BD /* GXBaseTextView.m in Sources */,
				EAB395CB201A2BF90054B5BD /* GXBaseTableViewCell.m in Sources */,
				EAB395BC201A2BF90054B5BD /* NSNumber+GXAddition.m in Sources */,
				EAB395CE201A2BF90054B5BD /* GXBaseDatePicker.m in Sources */,
				EAB395BB201A2BF90054B5BD /* NSFileManager+GXAddition.m in Sources */,
				EAB3955D201A28D20054B5BD /* WYHomeViewController.m in Sources */,
				EAB39544201A26210054B5BD /* main.m in Sources */,
				EAB395C2201A2BF90054B5BD /* NSData+GXAddition.m in Sources */,
				EAB395B6201A2BF90054B5BD /* UINavigationController+GXAddition.m in Sources */,
				EAB395B5201A2BF90054B5BD /* NSArray+Addition.m in Sources */,
				EAB395D2201A2C730054B5BD /* UIControl+Ignore.m in Sources */,
				EAB395CC201A2BF90054B5BD /* GXBaseTableView.m in Sources */,
				EAB395B3201A2BF90054B5BD /* UIScrollView+GXAddition.m in Sources */,
				EAB395C7201A2BF90054B5BD /* GXBaseView.m in Sources */,
				EAB395AE201A2BF90054B5BD /* UIColor+GXAddition.m in Sources */,
				EAB395CA201A2BF90054B5BD /* GXGenericity.m in Sources */,
				EAB395DB201A2D420054B5BD /* UIView+Extension.m in Sources */,
				EAB39536201A26210054B5BD /* AppDelegate.m in Sources */,
				EAB395B1201A2BF90054B5BD /* NSURLSession+GXAddition.m in Sources */,
				EAB395AF201A2BF90054B5BD /* UIView+GXAddition.m in Sources */,
				EAB395BF201A2BF90054B5BD /* UIImage+GXAddition.m in Sources */,
				EAB395B0201A2BF90054B5BD /* NSMutableArray+Helper.m in Sources */,
				EAB395D8201A2CF20054B5BD /* UIView+Jump.m in Sources */,
				EAB395BE201A2BF90054B5BD /* NSArray+Log.m in Sources */,
				EAB395C4201A2BF90054B5BD /* GXBaseScrollView.m in Sources */,
				EAB395BA201A2BF90054B5BD /* UIButton+GXAddition.m in Sources */,
				EAB395B4201A2BF90054B5BD /* UIControl+GXAddition.m in Sources */,
				EAB395CD201A2BF90054B5BD /* GXBaseNavigationController.m in Sources */,
				EAB395C1201A2BF90054B5BD /* NSDictionary+GXAddition.m in Sources */,
				EAB395C6201A2BF90054B5BD /* GXBaseViewController.m in Sources */,
				EAB395B8201A2BF90054B5BD /* NSObject+GXAddition.m in Sources */,
				EAB395C0201A2BF90054B5BD /* NSString+GXAddition.m in Sources */,
				EAB395B2201A2BF90054B5BD /* UILabel+GXAddition.m in Sources */,
			);
			runOnlyForDeploymentPostprocessing = 0;
		};
/* End PBXSourcesBuildPhase section */

/* Begin PBXVariantGroup section */
		EAB3953F201A26210054B5BD /* LaunchScreen.storyboard */ = {
			isa = PBXVariantGroup;
			children = (
				EAB39540201A26210054B5BD /* Base */,
			);
			name = LaunchScreen.storyboard;
			sourceTree = "<group>";
		};
/* End PBXVariantGroup section */

/* Begin XCBuildConfiguration section */
		EAB39545201A26210054B5BD /* Debug */ = {
			isa = XCBuildConfiguration;
			buildSettings = {
				ALWAYS_SEARCH_USER_PATHS = NO;
				CLANG_ANALYZER_NONNULL = YES;
				CLANG_ANALYZER_NUMBER_OBJECT_CONVERSION = YES_AGGRESSIVE;
				CLANG_CXX_LANGUAGE_STANDARD = "gnu++14";
				CLANG_CXX_LIBRARY = "libc++";
				CLANG_ENABLE_MODULES = YES;
				CLANG_ENABLE_OBJC_ARC = YES;
				CLANG_WARN_BLOCK_CAPTURE_AUTORELEASING = YES;
				CLANG_WARN_BOOL_CONVERSION = YES;
				CLANG_WARN_COMMA = YES;
				CLANG_WARN_CONSTANT_CONVERSION = YES;
				CLANG_WARN_DIRECT_OBJC_ISA_USAGE = YES_ERROR;
				CLANG_WARN_DOCUMENTATION_COMMENTS = YES;
				CLANG_WARN_EMPTY_BODY = YES;
				CLANG_WARN_ENUM_CONVERSION = YES;
				CLANG_WARN_INFINITE_RECURSION = YES;
				CLANG_WARN_INT_CONVERSION = YES;
				CLANG_WARN_NON_LITERAL_NULL_CONVERSION = YES;
				CLANG_WARN_OBJC_LITERAL_CONVERSION = YES;
				CLANG_WARN_OBJC_ROOT_CLASS = YES_ERROR;
				CLANG_WARN_RANGE_LOOP_ANALYSIS = YES;
				CLANG_WARN_STRICT_PROTOTYPES = YES;
				CLANG_WARN_SUSPICIOUS_MOVE = YES;
				CLANG_WARN_UNGUARDED_AVAILABILITY = YES_AGGRESSIVE;
				CLANG_WARN_UNREACHABLE_CODE = YES;
				CLANG_WARN__DUPLICATE_METHOD_MATCH = YES;
				CODE_SIGN_IDENTITY = "iPhone Developer";
				COPY_PHASE_STRIP = NO;
				DEBUG_INFORMATION_FORMAT = dwarf;
				ENABLE_STRICT_OBJC_MSGSEND = YES;
				ENABLE_TESTABILITY = YES;
				GCC_C_LANGUAGE_STANDARD = gnu11;
				GCC_DYNAMIC_NO_PIC = NO;
				GCC_NO_COMMON_BLOCKS = YES;
				GCC_OPTIMIZATION_LEVEL = 0;
				GCC_PREPROCESSOR_DEFINITIONS = (
					"DEBUG=1",
					"$(inherited)",
				);
				GCC_WARN_64_TO_32_BIT_CONVERSION = YES;
				GCC_WARN_ABOUT_RETURN_TYPE = YES_ERROR;
				GCC_WARN_UNDECLARED_SELECTOR = YES;
				GCC_WARN_UNINITIALIZED_AUTOS = YES_AGGRESSIVE;
				GCC_WARN_UNUSED_FUNCTION = YES;
				GCC_WARN_UNUSED_VARIABLE = YES;
				IPHONEOS_DEPLOYMENT_TARGET = 11.2;
				MTL_ENABLE_DEBUG_INFO = YES;
				ONLY_ACTIVE_ARCH = YES;
				SDKROOT = iphoneos;
			};
			name = Debug;
		};
		EAB39546201A26210054B5BD /* Release */ = {
			isa = XCBuildConfiguration;
			buildSettings = {
				ALWAYS_SEARCH_USER_PATHS = NO;
				CLANG_ANALYZER_NONNULL = YES;
				CLANG_ANALYZER_NUMBER_OBJECT_CONVERSION = YES_AGGRESSIVE;
				CLANG_CXX_LANGUAGE_STANDARD = "gnu++14";
				CLANG_CXX_LIBRARY = "libc++";
				CLANG_ENABLE_MODULES = YES;
				CLANG_ENABLE_OBJC_ARC = YES;
				CLANG_WARN_BLOCK_CAPTURE_AUTORELEASING = YES;
				CLANG_WARN_BOOL_CONVERSION = YES;
				CLANG_WARN_COMMA = YES;
				CLANG_WARN_CONSTANT_CONVERSION = YES;
				CLANG_WARN_DIRECT_OBJC_ISA_USAGE = YES_ERROR;
				CLANG_WARN_DOCUMENTATION_COMMENTS = YES;
				CLANG_WARN_EMPTY_BODY = YES;
				CLANG_WARN_ENUM_CONVERSION = YES;
				CLANG_WARN_INFINITE_RECURSION = YES;
				CLANG_WARN_INT_CONVERSION = YES;
				CLANG_WARN_NON_LITERAL_NULL_CONVERSION = YES;
				CLANG_WARN_OBJC_LITERAL_CONVERSION = YES;
				CLANG_WARN_OBJC_ROOT_CLASS = YES_ERROR;
				CLANG_WARN_RANGE_LOOP_ANALYSIS = YES;
				CLANG_WARN_STRICT_PROTOTYPES = YES;
				CLANG_WARN_SUSPICIOUS_MOVE = YES;
				CLANG_WARN_UNGUARDED_AVAILABILITY = YES_AGGRESSIVE;
				CLANG_WARN_UNREACHABLE_CODE = YES;
				CLANG_WARN__DUPLICATE_METHOD_MATCH = YES;
				CODE_SIGN_IDENTITY = "iPhone Developer";
				COPY_PHASE_STRIP = NO;
				DEBUG_INFORMATION_FORMAT = "dwarf-with-dsym";
				ENABLE_NS_ASSERTIONS = NO;
				ENABLE_STRICT_OBJC_MSGSEND = YES;
				GCC_C_LANGUAGE_STANDARD = gnu11;
				GCC_NO_COMMON_BLOCKS = YES;
				GCC_WARN_64_TO_32_BIT_CONVERSION = YES;
				GCC_WARN_ABOUT_RETURN_TYPE = YES_ERROR;
				GCC_WARN_UNDECLARED_SELECTOR = YES;
				GCC_WARN_UNINITIALIZED_AUTOS = YES_AGGRESSIVE;
				GCC_WARN_UNUSED_FUNCTION = YES;
				GCC_WARN_UNUSED_VARIABLE = YES;
				IPHONEOS_DEPLOYMENT_TARGET = 11.2;
				MTL_ENABLE_DEBUG_INFO = NO;
				SDKROOT = iphoneos;
				VALIDATE_PRODUCT = YES;
			};
			name = Release;
		};
		EAB39548201A26210054B5BD /* Debug */ = {
			isa = XCBuildConfiguration;
			baseConfigurationReference = E9DBB0ECCE5069E2362D4DB6 /* Pods-GXWYNews.debug.xcconfig */;
			buildSettings = {
				ASSETCATALOG_COMPILER_APPICON_NAME = AppIcon;
				CODE_SIGN_STYLE = Automatic;
				DEVELOPMENT_TEAM = 4JZ9937LUN;
				GCC_PREFIX_HEADER = GXWYNews/WYPrefixHeader.pch;
				INFOPLIST_FILE = GXWYNews/Info.plist;
				IPHONEOS_DEPLOYMENT_TARGET = 9.0;
				LD_RUNPATH_SEARCH_PATHS = "$(inherited) @executable_path/Frameworks";
				PRODUCT_BUNDLE_IDENTIFIER = com.Youlongor.GXWYNews;
				PRODUCT_NAME = "$(TARGET_NAME)";
				TARGETED_DEVICE_FAMILY = 1;
			};
			name = Debug;
		};
		EAB39549201A26210054B5BD /* Release */ = {
			isa = XCBuildConfiguration;
			baseConfigurationReference = E3725BAB7DCC142409642F21 /* Pods-GXWYNews.release.xcconfig */;
			buildSettings = {
				ASSETCATALOG_COMPILER_APPICON_NAME = AppIcon;
				CODE_SIGN_STYLE = Automatic;
				DEVELOPMENT_TEAM = 4JZ9937LUN;
				GCC_PREFIX_HEADER = GXWYNews/WYPrefixHeader.pch;
				INFOPLIST_FILE = GXWYNews/Info.plist;
				IPHONEOS_DEPLOYMENT_TARGET = 9.0;
				LD_RUNPATH_SEARCH_PATHS = "$(inherited) @executable_path/Frameworks";
				PRODUCT_BUNDLE_IDENTIFIER = com.Youlongor.GXWYNews;
				PRODUCT_NAME = "$(TARGET_NAME)";
				TARGETED_DEVICE_FAMILY = 1;
			};
			name = Release;
		};
/* End XCBuildConfiguration section */

/* Begin XCConfigurationList section */
		EAB3952C201A26210054B5BD /* Build configuration list for PBXProject "GXWYNews" */ = {
			isa = XCConfigurationList;
			buildConfigurations = (
				EAB39545201A26210054B5BD /* Debug */,
				EAB39546201A26210054B5BD /* Release */,
			);
			defaultConfigurationIsVisible = 0;
			defaultConfigurationName = Release;
		};
		EAB39547201A26210054B5BD /* Build configuration list for PBXNativeTarget "GXWYNews" */ = {
			isa = XCConfigurationList;
			buildConfigurations = (
				EAB39548201A26210054B5BD /* Debug */,
				EAB39549201A26210054B5BD /* Release */,
			);
			defaultConfigurationIsVisible = 0;
			defaultConfigurationName = Release;
		};
/* End XCConfigurationList section */
	};
	rootObject = EAB39529201A26210054B5BD /* Project object */;
}
