// !$*UTF8*$!
{
	archiveVersion = 1;
	classes = {
	};
	objectVersion = 48;
	objects = {

/* Begin PBXBuildFile section */
		EA17DB842020B90000CC7FF5 /* AppDelegate.m in Sources */ = {isa = PBXBuildFile; fileRef = EA17DB832020B90000CC7FF5 /* AppDelegate.m */; };
		EA17DB872020B90000CC7FF5 /* RootViewController.m in Sources */ = {isa = PBXBuildFile; fileRef = EA17DB862020B90000CC7FF5 /* RootViewController.m */; };
		EA17DB8A2020B90000CC7FF5 /* DataViewController.m in Sources */ = {isa = PBXBuildFile; fileRef = EA17DB892020B90000CC7FF5 /* DataViewController.m */; };
		EA17DB8D2020B90000CC7FF5 /* ModelController.m in Sources */ = {isa = PBXBuildFile; fileRef = EA17DB8C2020B90000CC7FF5 /* ModelController.m */; };
		EA17DB902020B90000CC7FF5 /* Main.storyboard in Resources */ = {isa = PBXBuildFile; fileRef = EA17DB8E2020B90000CC7FF5 /* Main.storyboard */; };
		EA17DB922020B90000CC7FF5 /* Assets.xcassets in Resources */ = {isa = PBXBuildFile; fileRef = EA17DB912020B90000CC7FF5 /* Assets.xcassets */; };
		EA17DB952020B90000CC7FF5 /* LaunchScreen.storyboard in Resources */ = {isa = PBXBuildFile; fileRef = EA17DB932020B90000CC7FF5 /* LaunchScreen.storyboard */; };
		EA17DB982020B90000CC7FF5 /* main.m in Sources */ = {isa = PBXBuildFile; fileRef = EA17DB972020B90000CC7FF5 /* main.m */; };
/* End PBXBuildFile section */

/* Begin PBXFileReference section */
		EA17DB7F2020B90000CC7FF5 /* 002-分页视图控制器.app */ = {isa = PBXFileReference; explicitFileType = wrapper.application; includeInIndex = 0; path = "002-分页视图控制器.app"; sourceTree = BUILT_PRODUCTS_DIR; };
		EA17DB822020B90000CC7FF5 /* AppDelegate.h */ = {isa = PBXFileReference; lastKnownFileType = sourcecode.c.h; path = AppDelegate.h; sourceTree = "<group>"; };
		EA17DB832020B90000CC7FF5 /* AppDelegate.m */ = {isa = PBXFileReference; lastKnownFileType = sourcecode.c.objc; path = AppDelegate.m; sourceTree = "<group>"; };
		EA17DB852020B90000CC7FF5 /* RootViewController.h */ = {isa = PBXFileReference; lastKnownFileType = sourcecode.c.h; path = RootViewController.h; sourceTree = "<group>"; };
		EA17DB862020B90000CC7FF5 /* RootViewController.m */ = {isa = PBXFileReference; lastKnownFileType = sourcecode.c.objc; path = RootViewController.m; sourceTree = "<group>"; };
		EA17DB882020B90000CC7FF5 /* DataViewController.h */ = {isa = PBXFileReference; lastKnownFileType = sourcecode.c.h; path = DataViewController.h; sourceTree = "<group>"; };
		EA17DB892020B90000CC7FF5 /* DataViewController.m */ = {isa = PBXFileReference; lastKnownFileType = sourcecode.c.objc; path = DataViewController.m; sourceTree = "<group>"; };
		EA17DB8B2020B90000CC7FF5 /* ModelController.h */ = {isa = PBXFileReference; lastKnownFileType = sourcecode.c.h; path = ModelController.h; sourceTree = "<group>"; };
		EA17DB8C2020B90000CC7FF5 /* ModelController.m */ = {isa = PBXFileReference; lastKnownFileType = sourcecode.c.objc; path = ModelController.m; sourceTree = "<group>"; };
		EA17DB8F2020B90000CC7FF5 /* Base */ = {isa = PBXFileReference; lastKnownFileType = file.storyboard; name = Base; path = Base.lproj/Main.storyboard; sourceTree = "<group>"; };
		EA17DB912020B90000CC7FF5 /* Assets.xcassets */ = {isa = PBXFileReference; lastKnownFileType = folder.assetcatalog; path = Assets.xcassets; sourceTree = "<group>"; };
		EA17DB942020B90000CC7FF5 /* Base */ = {isa = PBXFileReference; lastKnownFileType = file.storyboard; name = Base; path = Base.lproj/LaunchScreen.storyboard; sourceTree = "<group>"; };
		EA17DB962020B90000CC7FF5 /* Info.plist */ = {isa = PBXFileReference; lastKnownFileType = text.plist.xml; path = Info.plist; sourceTree = "<group>"; };
		EA17DB972020B90000CC7FF5 /* main.m */ = {isa = PBXFileReference; lastKnownFileType = sourcecode.c.objc; path = main.m; sourceTree = "<group>"; };
/* End PBXFileReference section */

/* Begin PBXFrameworksBuildPhase section */
		EA17DB7C2020B90000CC7FF5 /* Frameworks */ = {
			isa = PBXFrameworksBuildPhase;
			buildActionMask = 2147483647;
			files = (
			);
			runOnlyForDeploymentPostprocessing = 0;
		};
/* End PBXFrameworksBuildPhase section */

/* Begin PBXGroup section */
		EA17DB762020B90000CC7FF5 = {
			isa = PBXGroup;
			children = (
				EA17DB812020B90000CC7FF5 /* 002-分页视图控制器 */,
				EA17DB802020B90000CC7FF5 /* Products */,
			);
			sourceTree = "<group>";
		};
		EA17DB802020B90000CC7FF5 /* Products */ = {
			isa = PBXGroup;
			children = (
				EA17DB7F2020B90000CC7FF5 /* 002-分页视图控制器.app */,
			);
			name = Products;
			sourceTree = "<group>";
		};
		EA17DB812020B90000CC7FF5 /* 002-分页视图控制器 */ = {
			isa = PBXGroup;
			children = (
				EA17DB822020B90000CC7FF5 /* AppDelegate.h */,
				EA17DB832020B90000CC7FF5 /* AppDelegate.m */,
				EA17DB852020B90000CC7FF5 /* RootViewController.h */,
				EA17DB862020B90000CC7FF5 /* RootViewController.m */,
				EA17DB882020B90000CC7FF5 /* DataViewController.h */,
				EA17DB892020B90000CC7FF5 /* DataViewController.m */,
				EA17DB8B2020B90000CC7FF5 /* ModelController.h */,
				EA17DB8C2020B90000CC7FF5 /* ModelController.m */,
				EA17DB8E2020B90000CC7FF5 /* Main.storyboard */,
				EA17DB912020B90000CC7FF5 /* Assets.xcassets */,
				EA17DB932020B90000CC7FF5 /* LaunchScreen.storyboard */,
				EA17DB962020B90000CC7FF5 /* Info.plist */,
				EA17DB972020B90000CC7FF5 /* main.m */,
			);
			path = "002-分页视图控制器";
			sourceTree = "<group>";
		};
/* End PBXGroup section */

/* Begin PBXNativeTarget section */
		EA17DB7E2020B90000CC7FF5 /* 002-分页视图控制器 */ = {
			isa = PBXNativeTarget;
			buildConfigurationList = EA17DB9B2020B90000CC7FF5 /* Build configuration list for PBXNativeTarget "002-分页视图控制器" */;
			buildPhases = (
				EA17DB7B2020B90000CC7FF5 /* Sources */,
				EA17DB7C2020B90000CC7FF5 /* Frameworks */,
				EA17DB7D2020B90000CC7FF5 /* Resources */,
			);
			buildRules = (
			);
			dependencies = (
			);
			name = "002-分页视图控制器";
			productName = "002-分页视图控制器";
			productReference = EA17DB7F2020B90000CC7FF5 /* 002-分页视图控制器.app */;
			productType = "com.apple.product-type.application";
		};
/* End PBXNativeTarget section */

/* Begin PBXProject section */
		EA17DB772020B90000CC7FF5 /* Project object */ = {
			isa = PBXProject;
			attributes = {
				LastUpgradeCheck = 0920;
				ORGANIZATIONNAME = Tony;
				TargetAttributes = {
					EA17DB7E2020B90000CC7FF5 = {
						CreatedOnToolsVersion = 9.2;
						ProvisioningStyle = Automatic;
					};
				};
			};
			buildConfigurationList = EA17DB7A2020B90000CC7FF5 /* Build configuration list for PBXProject "002-分页视图控制器" */;
			compatibilityVersion = "Xcode 8.0";
			developmentRegion = en;
			hasScannedForEncodings = 0;
			knownRegions = (
				en,
				Base,
			);
			mainGroup = EA17DB762020B90000CC7FF5;
			productRefGroup = EA17DB802020B90000CC7FF5 /* Products */;
			projectDirPath = "";
			projectRoot = "";
			targets = (
				EA17DB7E2020B90000CC7FF5 /* 002-分页视图控制器 */,
			);
		};
/* End PBXProject section */

/* Begin PBXResourcesBuildPhase section */
		EA17DB7D2020B90000CC7FF5 /* Resources */ = {
			isa = PBXResourcesBuildPhase;
			buildActionMask = 2147483647;
			files = (
				EA17DB952020B90000CC7FF5 /* LaunchScreen.storyboard in Resources */,
				EA17DB922020B90000CC7FF5 /* Assets.xcassets in Resources */,
				EA17DB902020B90000CC7FF5 /* Main.storyboard in Resources */,
			);
			runOnlyForDeploymentPostprocessing = 0;
		};
/* End PBXResourcesBuildPhase section */

/* Begin PBXSourcesBuildPhase section */
		EA17DB7B2020B90000CC7FF5 /* Sources */ = {
			isa = PBXSourcesBuildPhase;
			buildActionMask = 2147483647;
			files = (
				EA17DB982020B90000CC7FF5 /* main.m in Sources */,
				EA17DB872020B90000CC7FF5 /* RootViewController.m in Sources */,
				EA17DB8D2020B90000CC7FF5 /* ModelController.m in Sources */,
				EA17DB8A2020B90000CC7FF5 /* DataViewController.m in Sources */,
				EA17DB842020B90000CC7FF5 /* AppDelegate.m in Sources */,
			);
			runOnlyForDeploymentPostprocessing = 0;
		};
/* End PBXSourcesBuildPhase section */

/* Begin PBXVariantGroup section */
		EA17DB8E2020B90000CC7FF5 /* Main.storyboard */ = {
			isa = PBXVariantGroup;
			children = (
				EA17DB8F2020B90000CC7FF5 /* Base */,
			);
			name = Main.storyboard;
			sourceTree = "<group>";
		};
		EA17DB932020B90000CC7FF5 /* LaunchScreen.storyboard */ = {
			isa = PBXVariantGroup;
			children = (
				EA17DB942020B90000CC7FF5 /* Base */,
			);
			name = LaunchScreen.storyboard;
			sourceTree = "<group>";
		};
/* End PBXVariantGroup section */

/* Begin XCBuildConfiguration section */
		EA17DB992020B90000CC7FF5 /* Debug */ = {
			isa = XCBuildConfiguration;
			buildSettings = {
				ALWAYS_SEARCH_USER_PATHS = NO;
				CLANG_ANALYZER_NONNULL = YES;
				CLANG_ANALYZER_NUMBER_OBJECT_CONVERSION = YES_AGGRESSIVE;
				CLANG_CXX_LANGUAGE_STANDARD = "gnu++14";
				CLANG_CXX_LIBRARY = "libc++";
				CLANG_ENABLE_MODULES = YES;
				CLANG_ENABLE_OBJC_ARC = YES;
				CLANG_WARN_BLOCK_CAPTURE_AUTORELEASING = YES;
				CLANG_WARN_BOOL_CONVERSION = YES;
				CLANG_WARN_COMMA = YES;
				CLANG_WARN_CONSTANT_CONVERSION = YES;
				CLANG_WARN_DIRECT_OBJC_ISA_USAGE = YES_ERROR;
				CLANG_WARN_DOCUMENTATION_COMMENTS = YES;
				CLANG_WARN_EMPTY_BODY = YES;
				CLANG_WARN_ENUM_CONVERSION = YES;
				CLANG_WARN_INFINITE_RECURSION = YES;
				CLANG_WARN_INT_CONVERSION = YES;
				CLANG_WARN_NON_LITERAL_NULL_CONVERSION = YES;
				CLANG_WARN_OBJC_LITERAL_CONVERSION = YES;
				CLANG_WARN_OBJC_ROOT_CLASS = YES_ERROR;
				CLANG_WARN_RANGE_LOOP_ANALYSIS = YES;
				CLANG_WARN_STRICT_PROTOTYPES = YES;
				CLANG_WARN_SUSPICIOUS_MOVE = YES;
				CLANG_WARN_UNGUARDED_AVAILABILITY = YES_AGGRESSIVE;
				CLANG_WARN_UNREACHABLE_CODE = YES;
				CLANG_WARN__DUPLICATE_METHOD_MATCH = YES;
				CODE_SIGN_IDENTITY = "iPhone Developer";
				COPY_PHASE_STRIP = NO;
				DEBUG_INFORMATION_FORMAT = dwarf;
				ENABLE_STRICT_OBJC_MSGSEND = YES;
				ENABLE_TESTABILITY = YES;
				GCC_C_LANGUAGE_STANDARD = gnu11;
				GCC_DYNAMIC_NO_PIC = NO;
				GCC_NO_COMMON_BLOCKS = YES;
				GCC_OPTIMIZATION_LEVEL = 0;
				GCC_PREPROCESSOR_DEFINITIONS = (
					"DEBUG=1",
					"$(inherited)",
				);
				GCC_WARN_64_TO_32_BIT_CONVERSION = YES;
				GCC_WARN_ABOUT_RETURN_TYPE = YES_ERROR;
				GCC_WARN_UNDECLARED_SELECTOR = YES;
				GCC_WARN_UNINITIALIZED_AUTOS = YES_AGGRESSIVE;
				GCC_WARN_UNUSED_FUNCTION = YES;
				GCC_WARN_UNUSED_VARIABLE = YES;
				IPHONEOS_DEPLOYMENT_TARGET = 11.2;
				MTL_ENABLE_DEBUG_INFO = YES;
				ONLY_ACTIVE_ARCH = YES;
				SDKROOT = iphoneos;
			};
			name = Debug;
		};
		EA17DB9A2020B90000CC7FF5 /* Release */ = {
			isa = XCBuildConfiguration;
			buildSettings = {
				ALWAYS_SEARCH_USER_PATHS = NO;
				CLANG_ANALYZER_NONNULL = YES;
				CLANG_ANALYZER_NUMBER_OBJECT_CONVERSION = YES_AGGRESSIVE;
				CLANG_CXX_LANGUAGE_STANDARD = "gnu++14";
				CLANG_CXX_LIBRARY = "libc++";
				CLANG_ENABLE_MODULES = YES;
				CLANG_ENABLE_OBJC_ARC = YES;
				CLANG_WARN_BLOCK_CAPTURE_AUTORELEASING = YES;
				CLANG_WARN_BOOL_CONVERSION = YES;
				CLANG_WARN_COMMA = YES;
				CLANG_WARN_CONSTANT_CONVERSION = YES;
				CLANG_WARN_DIRECT_OBJC_ISA_USAGE = YES_ERROR;
				CLANG_WARN_DOCUMENTATION_COMMENTS = YES;
				CLANG_WARN_EMPTY_BODY = YES;
				CLANG_WARN_ENUM_CONVERSION = YES;
				CLANG_WARN_INFINITE_RECURSION = YES;
				CLANG_WARN_INT_CONVERSION = YES;
				CLANG_WARN_NON_LITERAL_NULL_CONVERSION = YES;
				CLANG_WARN_OBJC_LITERAL_CONVERSION = YES;
				CLANG_WARN_OBJC_ROOT_CLASS = YES_ERROR;
				CLANG_WARN_RANGE_LOOP_ANALYSIS = YES;
				CLANG_WARN_STRICT_PROTOTYPES = YES;
				CLANG_WARN_SUSPICIOUS_MOVE = YES;
				CLANG_WARN_UNGUARDED_AVAILABILITY = YES_AGGRESSIVE;
				CLANG_WARN_UNREACHABLE_CODE = YES;
				CLANG_WARN__DUPLICATE_METHOD_MATCH = YES;
				CODE_SIGN_IDENTITY = "iPhone Developer";
				COPY_PHASE_STRIP = NO;
				DEBUG_INFORMATION_FORMAT = "dwarf-with-dsym";
				ENABLE_NS_ASSERTIONS = NO;
				ENABLE_STRICT_OBJC_MSGSEND = YES;
				GCC_C_LANGUAGE_STANDARD = gnu11;
				GCC_NO_COMMON_BLOCKS = YES;
				GCC_WARN_64_TO_32_BIT_CONVERSION = YES;
				GCC_WARN_ABOUT_RETURN_TYPE = YES_ERROR;
				GCC_WARN_UNDECLARED_SELECTOR = YES;
				GCC_WARN_UNINITIALIZED_AUTOS = YES_AGGRESSIVE;
				GCC_WARN_UNUSED_FUNCTION = YES;
				GCC_WARN_UNUSED_VARIABLE = YES;
				IPHONEOS_DEPLOYMENT_TARGET = 11.2;
				MTL_ENABLE_DEBUG_INFO = NO;
				SDKROOT = iphoneos;
				VALIDATE_PRODUCT = YES;
			};
			name = Release;
		};
		EA17DB9C2020B90000CC7FF5 /* Debug */ = {
			isa = XCBuildConfiguration;
			buildSettings = {
				ASSETCATALOG_COMPILER_APPICON_NAME = AppIcon;
				CODE_SIGN_STYLE = Automatic;
				DEVELOPMENT_TEAM = 4JZ9937LUN;
				INFOPLIST_FILE = "002-分页视图控制器/Info.plist";
				LD_RUNPATH_SEARCH_PATHS = "$(inherited) @executable_path/Frameworks";
				PRODUCT_BUNDLE_IDENTIFIER = "com.Youlongor.-02--------";
				PRODUCT_NAME = "$(TARGET_NAME)";
				TARGETED_DEVICE_FAMILY = "1,2";
			};
			name = Debug;
		};
		EA17DB9D2020B90000CC7FF5 /* Release */ = {
			isa = XCBuildConfiguration;
			buildSettings = {
				ASSETCATALOG_COMPILER_APPICON_NAME = AppIcon;
				CODE_SIGN_STYLE = Automatic;
				DEVELOPMENT_TEAM = 4JZ9937LUN;
				INFOPLIST_FILE = "002-分页视图控制器/Info.plist";
				LD_RUNPATH_SEARCH_PATHS = "$(inherited) @executable_path/Frameworks";
				PRODUCT_BUNDLE_IDENTIFIER = "com.Youlongor.-02--------";
				PRODUCT_NAME = "$(TARGET_NAME)";
				TARGETED_DEVICE_FAMILY = "1,2";
			};
			name = Release;
		};
/* End XCBuildConfiguration section */

/* Begin XCConfigurationList section */
		EA17DB7A2020B90000CC7FF5 /* Build configuration list for PBXProject "002-分页视图控制器" */ = {
			isa = XCConfigurationList;
			buildConfigurations = (
				EA17DB992020B90000CC7FF5 /* Debug */,
				EA17DB9A2020B90000CC7FF5 /* Release */,
			);
			defaultConfigurationIsVisible = 0;
			defaultConfigurationName = Release;
		};
		EA17DB9B2020B90000CC7FF5 /* Build configuration list for PBXNativeTarget "002-分页视图控制器" */ = {
			isa = XCConfigurationList;
			buildConfigurations = (
				EA17DB9C2020B90000CC7FF5 /* Debug */,
				EA17DB9D2020B90000CC7FF5 /* Release */,
			);
			defaultConfigurationIsVisible = 0;
			defaultConfigurationName = Release;
		};
/* End XCConfigurationList section */
	};
	rootObject = EA17DB772020B90000CC7FF5 /* Project object */;
}
