// !$*UTF8*$!
{
	archiveVersion = 1;
	classes = {
	};
	objectVersion = 48;
	objects = {

/* Begin PBXBuildFile section */
		9800BF31C61EB35B82720E61 /* libPods-WYNews.a in Frameworks */ = {isa = PBXBuildFile; fileRef = 01368AD6AB1202432B82DEC1 /* libPods-WYNews.a */; };
		EA60A1462018DAC400FE46C1 /* AppDelegate.m in Sources */ = {isa = PBXBuildFile; fileRef = EA60A1452018DAC400FE46C1 /* AppDelegate.m */; };
		EA60A14E2018DAC400FE46C1 /* Assets.xcassets in Resources */ = {isa = PBXBuildFile; fileRef = EA60A14D2018DAC400FE46C1 /* Assets.xcassets */; };
		EA60A1512018DAC400FE46C1 /* LaunchScreen.storyboard in Resources */ = {isa = PBXBuildFile; fileRef = EA60A14F2018DAC400FE46C1 /* LaunchScreen.storyboard */; };
		EA60A1542018DAC400FE46C1 /* main.m in Sources */ = {isa = PBXBuildFile; fileRef = EA60A1532018DAC400FE46C1 /* main.m */; };
		EA60A16C2018DEE800FE46C1 /* WYMainTabBarController.m in Sources */ = {isa = PBXBuildFile; fileRef = EA60A16B2018DEE800FE46C1 /* WYMainTabBarController.m */; };
		EA60A16F2018DF0200FE46C1 /* WYHomeViewController.m in Sources */ = {isa = PBXBuildFile; fileRef = EA60A16E2018DF0200FE46C1 /* WYHomeViewController.m */; };
/* End PBXBuildFile section */

/* Begin PBXFileReference section */
		01368AD6AB1202432B82DEC1 /* libPods-WYNews.a */ = {isa = PBXFileReference; explicitFileType = archive.ar; includeInIndex = 0; path = "libPods-WYNews.a"; sourceTree = BUILT_PRODUCTS_DIR; };
		D9737E0D054B5AB9EF2A13FF /* Pods-WYNews.debug.xcconfig */ = {isa = PBXFileReference; includeInIndex = 1; lastKnownFileType = text.xcconfig; name = "Pods-WYNews.debug.xcconfig"; path = "Pods/Target Support Files/Pods-WYNews/Pods-WYNews.debug.xcconfig"; sourceTree = "<group>"; };
		EA60A1412018DAC400FE46C1 /* WYNews.app */ = {isa = PBXFileReference; explicitFileType = wrapper.application; includeInIndex = 0; path = WYNews.app; sourceTree = BUILT_PRODUCTS_DIR; };
		EA60A1442018DAC400FE46C1 /* AppDelegate.h */ = {isa = PBXFileReference; lastKnownFileType = sourcecode.c.h; path = AppDelegate.h; sourceTree = "<group>"; };
		EA60A1452018DAC400FE46C1 /* AppDelegate.m */ = {isa = PBXFileReference; lastKnownFileType = sourcecode.c.objc; path = AppDelegate.m; sourceTree = "<group>"; };
		EA60A14D2018DAC400FE46C1 /* Assets.xcassets */ = {isa = PBXFileReference; lastKnownFileType = folder.assetcatalog; path = Assets.xcassets; sourceTree = "<group>"; };
		EA60A1502018DAC400FE46C1 /* Base */ = {isa = PBXFileReference; lastKnownFileType = file.storyboard; name = Base; path = Base.lproj/LaunchScreen.storyboard; sourceTree = "<group>"; };
		EA60A1522018DAC400FE46C1 /* Info.plist */ = {isa = PBXFileReference; lastKnownFileType = text.plist.xml; path = Info.plist; sourceTree = "<group>"; };
		EA60A1532018DAC400FE46C1 /* main.m */ = {isa = PBXFileReference; lastKnownFileType = sourcecode.c.objc; path = main.m; sourceTree = "<group>"; };
		EA60A16A2018DEE800FE46C1 /* WYMainTabBarController.h */ = {isa = PBXFileReference; lastKnownFileType = sourcecode.c.h; path = WYMainTabBarController.h; sourceTree = "<group>"; };
		EA60A16B2018DEE800FE46C1 /* WYMainTabBarController.m */ = {isa = PBXFileReference; lastKnownFileType = sourcecode.c.objc; path = WYMainTabBarController.m; sourceTree = "<group>"; };
		EA60A16D2018DF0200FE46C1 /* WYHomeViewController.h */ = {isa = PBXFileReference; lastKnownFileType = sourcecode.c.h; path = WYHomeViewController.h; sourceTree = "<group>"; };
		EA60A16E2018DF0200FE46C1 /* WYHomeViewController.m */ = {isa = PBXFileReference; lastKnownFileType = sourcecode.c.objc; path = WYHomeViewController.m; sourceTree = "<group>"; };
		FF95AD6EE4E606B402A0FF94 /* Pods-WYNews.release.xcconfig */ = {isa = PBXFileReference; includeInIndex = 1; lastKnownFileType = text.xcconfig; name = "Pods-WYNews.release.xcconfig"; path = "Pods/Target Support Files/Pods-WYNews/Pods-WYNews.release.xcconfig"; sourceTree = "<group>"; };
/* End PBXFileReference section */

/* Begin PBXFrameworksBuildPhase section */
		EA60A13E2018DAC400FE46C1 /* Frameworks */ = {
			isa = PBXFrameworksBuildPhase;
			buildActionMask = 2147483647;
			files = (
				9800BF31C61EB35B82720E61 /* libPods-WYNews.a in Frameworks */,
			);
			runOnlyForDeploymentPostprocessing = 0;
		};
/* End PBXFrameworksBuildPhase section */

/* Begin PBXGroup section */
		715A024BF13788516C0CB940 /* Pods */ = {
			isa = PBXGroup;
			children = (
				D9737E0D054B5AB9EF2A13FF /* Pods-WYNews.debug.xcconfig */,
				FF95AD6EE4E606B402A0FF94 /* Pods-WYNews.release.xcconfig */,
			);
			name = Pods;
			sourceTree = "<group>";
		};
		717171E8CDF27B73F9D08732 /* Frameworks */ = {
			isa = PBXGroup;
			children = (
				01368AD6AB1202432B82DEC1 /* libPods-WYNews.a */,
			);
			name = Frameworks;
			sourceTree = "<group>";
		};
		EA60A1382018DAC400FE46C1 = {
			isa = PBXGroup;
			children = (
				EA60A1432018DAC400FE46C1 /* WYNews */,
				EA60A1422018DAC400FE46C1 /* Products */,
				715A024BF13788516C0CB940 /* Pods */,
				717171E8CDF27B73F9D08732 /* Frameworks */,
			);
			sourceTree = "<group>";
		};
		EA60A1422018DAC400FE46C1 /* Products */ = {
			isa = PBXGroup;
			children = (
				EA60A1412018DAC400FE46C1 /* WYNews.app */,
			);
			name = Products;
			sourceTree = "<group>";
		};
		EA60A1432018DAC400FE46C1 /* WYNews */ = {
			isa = PBXGroup;
			children = (
				EA60A1692018DEA400FE46C1 /* Tools */,
				EA60A1662018DE4F00FE46C1 /* Classes */,
				EA60A1442018DAC400FE46C1 /* AppDelegate.h */,
				EA60A1452018DAC400FE46C1 /* AppDelegate.m */,
				EA60A1652018DDE700FE46C1 /* Supporting Files */,
			);
			path = WYNews;
			sourceTree = "<group>";
		};
		EA60A1652018DDE700FE46C1 /* Supporting Files */ = {
			isa = PBXGroup;
			children = (
				EA60A14D2018DAC400FE46C1 /* Assets.xcassets */,
				EA60A14F2018DAC400FE46C1 /* LaunchScreen.storyboard */,
				EA60A1522018DAC400FE46C1 /* Info.plist */,
				EA60A1532018DAC400FE46C1 /* main.m */,
			);
			name = "Supporting Files";
			sourceTree = "<group>";
		};
		EA60A1662018DE4F00FE46C1 /* Classes */ = {
			isa = PBXGroup;
			children = (
				EA60A1672018DE9200FE46C1 /* Main */,
				EA60A1682018DE9200FE46C1 /* Home */,
			);
			path = Classes;
			sourceTree = "<group>";
		};
		EA60A1672018DE9200FE46C1 /* Main */ = {
			isa = PBXGroup;
			children = (
				EA60A16A2018DEE800FE46C1 /* WYMainTabBarController.h */,
				EA60A16B2018DEE800FE46C1 /* WYMainTabBarController.m */,
			);
			path = Main;
			sourceTree = "<group>";
		};
		EA60A1682018DE9200FE46C1 /* Home */ = {
			isa = PBXGroup;
			children = (
				EA60A16D2018DF0200FE46C1 /* WYHomeViewController.h */,
				EA60A16E2018DF0200FE46C1 /* WYHomeViewController.m */,
			);
			path = Home;
			sourceTree = "<group>";
		};
		EA60A1692018DEA400FE46C1 /* Tools */ = {
			isa = PBXGroup;
			children = (
			);
			path = Tools;
			sourceTree = "<group>";
		};
/* End PBXGroup section */

/* Begin PBXNativeTarget section */
		EA60A1402018DAC400FE46C1 /* WYNews */ = {
			isa = PBXNativeTarget;
			buildConfigurationList = EA60A1572018DAC400FE46C1 /* Build configuration list for PBXNativeTarget "WYNews" */;
			buildPhases = (
				03D300EA4478D7F79B7C51A9 /* [CP] Check Pods Manifest.lock */,
				EA60A13D2018DAC400FE46C1 /* Sources */,
				EA60A13E2018DAC400FE46C1 /* Frameworks */,
				EA60A13F2018DAC400FE46C1 /* Resources */,
				665492A4C67C0128D6AEC74A /* [CP] Embed Pods Frameworks */,
				640A573210F9E5A620A960F4 /* [CP] Copy Pods Resources */,
			);
			buildRules = (
			);
			dependencies = (
			);
			name = WYNews;
			productName = WYNews;
			productReference = EA60A1412018DAC400FE46C1 /* WYNews.app */;
			productType = "com.apple.product-type.application";
		};
/* End PBXNativeTarget section */

/* Begin PBXProject section */
		EA60A1392018DAC400FE46C1 /* Project object */ = {
			isa = PBXProject;
			attributes = {
				CLASSPREFIX = WY;
				LastUpgradeCheck = 0920;
				ORGANIZATIONNAME = Tony;
				TargetAttributes = {
					EA60A1402018DAC400FE46C1 = {
						CreatedOnToolsVersion = 9.2;
						ProvisioningStyle = Automatic;
					};
				};
			};
			buildConfigurationList = EA60A13C2018DAC400FE46C1 /* Build configuration list for PBXProject "WYNews" */;
			compatibilityVersion = "Xcode 8.0";
			developmentRegion = en;
			hasScannedForEncodings = 0;
			knownRegions = (
				en,
				Base,
			);
			mainGroup = EA60A1382018DAC400FE46C1;
			productRefGroup = EA60A1422018DAC400FE46C1 /* Products */;
			projectDirPath = "";
			projectRoot = "";
			targets = (
				EA60A1402018DAC400FE46C1 /* WYNews */,
			);
		};
/* End PBXProject section */

/* Begin PBXResourcesBuildPhase section */
		EA60A13F2018DAC400FE46C1 /* Resources */ = {
			isa = PBXResourcesBuildPhase;
			buildActionMask = 2147483647;
			files = (
				EA60A1512018DAC400FE46C1 /* LaunchScreen.storyboard in Resources */,
				EA60A14E2018DAC400FE46C1 /* Assets.xcassets in Resources */,
			);
			runOnlyForDeploymentPostprocessing = 0;
		};
/* End PBXResourcesBuildPhase section */

/* Begin PBXShellScriptBuildPhase section */
		03D300EA4478D7F79B7C51A9 /* [CP] Check Pods Manifest.lock */ = {
			isa = PBXShellScriptBuildPhase;
			buildActionMask = 2147483647;
			files = (
			);
			inputPaths = (
				"${PODS_PODFILE_DIR_PATH}/Podfile.lock",
				"${PODS_ROOT}/Manifest.lock",
			);
			name = "[CP] Check Pods Manifest.lock";
			outputPaths = (
				"$(DERIVED_FILE_DIR)/Pods-WYNews-checkManifestLockResult.txt",
			);
			runOnlyForDeploymentPostprocessing = 0;
			shellPath = /bin/sh;
			shellScript = "diff \"${PODS_PODFILE_DIR_PATH}/Podfile.lock\" \"${PODS_ROOT}/Manifest.lock\" > /dev/null\nif [ $? != 0 ] ; then\n    # print error to STDERR\n    echo \"error: The sandbox is not in sync with the Podfile.lock. Run 'pod install' or update your CocoaPods installation.\" >&2\n    exit 1\nfi\n# This output is used by Xcode 'outputs' to avoid re-running this script phase.\necho \"SUCCESS\" > \"${SCRIPT_OUTPUT_FILE_0}\"\n";
			showEnvVarsInLog = 0;
		};
		640A573210F9E5A620A960F4 /* [CP] Copy Pods Resources */ = {
			isa = PBXShellScriptBuildPhase;
			buildActionMask = 2147483647;
			files = (
			);
			inputPaths = (
			);
			name = "[CP] Copy Pods Resources";
			outputPaths = (
			);
			runOnlyForDeploymentPostprocessing = 0;
			shellPath = /bin/sh;
			shellScript = "\"${SRCROOT}/Pods/Target Support Files/Pods-WYNews/Pods-WYNews-resources.sh\"\n";
			showEnvVarsInLog = 0;
		};
		665492A4C67C0128D6AEC74A /* [CP] Embed Pods Frameworks */ = {
			isa = PBXShellScriptBuildPhase;
			buildActionMask = 2147483647;
			files = (
			);
			inputPaths = (
			);
			name = "[CP] Embed Pods Frameworks";
			outputPaths = (
			);
			runOnlyForDeploymentPostprocessing = 0;
			shellPath = /bin/sh;
			shellScript = "\"${SRCROOT}/Pods/Target Support Files/Pods-WYNews/Pods-WYNews-frameworks.sh\"\n";
			showEnvVarsInLog = 0;
		};
/* End PBXShellScriptBuildPhase section */

/* Begin PBXSourcesBuildPhase section */
		EA60A13D2018DAC400FE46C1 /* Sources */ = {
			isa = PBXSourcesBuildPhase;
			buildActionMask = 2147483647;
			files = (
				EA60A1542018DAC400FE46C1 /* main.m in Sources */,
				EA60A16F2018DF0200FE46C1 /* WYHomeViewController.m in Sources */,
				EA60A16C2018DEE800FE46C1 /* WYMainTabBarController.m in Sources */,
				EA60A1462018DAC400FE46C1 /* AppDelegate.m in Sources */,
			);
			runOnlyForDeploymentPostprocessing = 0;
		};
/* End PBXSourcesBuildPhase section */

/* Begin PBXVariantGroup section */
		EA60A14F2018DAC400FE46C1 /* LaunchScreen.storyboard */ = {
			isa = PBXVariantGroup;
			children = (
				EA60A1502018DAC400FE46C1 /* Base */,
			);
			name = LaunchScreen.storyboard;
			sourceTree = "<group>";
		};
/* End PBXVariantGroup section */

/* Begin XCBuildConfiguration section */
		EA60A1552018DAC400FE46C1 /* Debug */ = {
			isa = XCBuildConfiguration;
			buildSettings = {
				ALWAYS_SEARCH_USER_PATHS = NO;
				CLANG_ANALYZER_NONNULL = YES;
				CLANG_ANALYZER_NUMBER_OBJECT_CONVERSION = YES_AGGRESSIVE;
				CLANG_CXX_LANGUAGE_STANDARD = "gnu++14";
				CLANG_CXX_LIBRARY = "libc++";
				CLANG_ENABLE_MODULES = YES;
				CLANG_ENABLE_OBJC_ARC = YES;
				CLANG_WARN_BLOCK_CAPTURE_AUTORELEASING = YES;
				CLANG_WARN_BOOL_CONVERSION = YES;
				CLANG_WARN_COMMA = YES;
				CLANG_WARN_CONSTANT_CONVERSION = YES;
				CLANG_WARN_DIRECT_OBJC_ISA_USAGE = YES_ERROR;
				CLANG_WARN_DOCUMENTATION_COMMENTS = YES;
				CLANG_WARN_EMPTY_BODY = YES;
				CLANG_WARN_ENUM_CONVERSION = YES;
				CLANG_WARN_INFINITE_RECURSION = YES;
				CLANG_WARN_INT_CONVERSION = YES;
				CLANG_WARN_NON_LITERAL_NULL_CONVERSION = YES;
				CLANG_WARN_OBJC_LITERAL_CONVERSION = YES;
				CLANG_WARN_OBJC_ROOT_CLASS = YES_ERROR;
				CLANG_WARN_RANGE_LOOP_ANALYSIS = YES;
				CLANG_WARN_STRICT_PROTOTYPES = YES;
				CLANG_WARN_SUSPICIOUS_MOVE = YES;
				CLANG_WARN_UNGUARDED_AVAILABILITY = YES_AGGRESSIVE;
				CLANG_WARN_UNREACHABLE_CODE = YES;
				CLANG_WARN__DUPLICATE_METHOD_MATCH = YES;
				CODE_SIGN_IDENTITY = "iPhone Developer";
				COPY_PHASE_STRIP = NO;
				DEBUG_INFORMATION_FORMAT = dwarf;
				ENABLE_STRICT_OBJC_MSGSEND = YES;
				ENABLE_TESTABILITY = YES;
				GCC_C_LANGUAGE_STANDARD = gnu11;
				GCC_DYNAMIC_NO_PIC = NO;
				GCC_NO_COMMON_BLOCKS = YES;
				GCC_OPTIMIZATION_LEVEL = 0;
				GCC_PREPROCESSOR_DEFINITIONS = (
					"DEBUG=1",
					"$(inherited)",
				);
				GCC_WARN_64_TO_32_BIT_CONVERSION = YES;
				GCC_WARN_ABOUT_RETURN_TYPE = YES_ERROR;
				GCC_WARN_UNDECLARED_SELECTOR = YES;
				GCC_WARN_UNINITIALIZED_AUTOS = YES_AGGRESSIVE;
				GCC_WARN_UNUSED_FUNCTION = YES;
				GCC_WARN_UNUSED_VARIABLE = YES;
				IPHONEOS_DEPLOYMENT_TARGET = 11.2;
				MTL_ENABLE_DEBUG_INFO = YES;
				ONLY_ACTIVE_ARCH = YES;
				SDKROOT = iphoneos;
			};
			name = Debug;
		};
		EA60A1562018DAC400FE46C1 /* Release */ = {
			isa = XCBuildConfiguration;
			buildSettings = {
				ALWAYS_SEARCH_USER_PATHS = NO;
				CLANG_ANALYZER_NONNULL = YES;
				CLANG_ANALYZER_NUMBER_OBJECT_CONVERSION = YES_AGGRESSIVE;
				CLANG_CXX_LANGUAGE_STANDARD = "gnu++14";
				CLANG_CXX_LIBRARY = "libc++";
				CLANG_ENABLE_MODULES = YES;
				CLANG_ENABLE_OBJC_ARC = YES;
				CLANG_WARN_BLOCK_CAPTURE_AUTORELEASING = YES;
				CLANG_WARN_BOOL_CONVERSION = YES;
				CLANG_WARN_COMMA = YES;
				CLANG_WARN_CONSTANT_CONVERSION = YES;
				CLANG_WARN_DIRECT_OBJC_ISA_USAGE = YES_ERROR;
				CLANG_WARN_DOCUMENTATION_COMMENTS = YES;
				CLANG_WARN_EMPTY_BODY = YES;
				CLANG_WARN_ENUM_CONVERSION = YES;
				CLANG_WARN_INFINITE_RECURSION = YES;
				CLANG_WARN_INT_CONVERSION = YES;
				CLANG_WARN_NON_LITERAL_NULL_CONVERSION = YES;
				CLANG_WARN_OBJC_LITERAL_CONVERSION = YES;
				CLANG_WARN_OBJC_ROOT_CLASS = YES_ERROR;
				CLANG_WARN_RANGE_LOOP_ANALYSIS = YES;
				CLANG_WARN_STRICT_PROTOTYPES = YES;
				CLANG_WARN_SUSPICIOUS_MOVE = YES;
				CLANG_WARN_UNGUARDED_AVAILABILITY = YES_AGGRESSIVE;
				CLANG_WARN_UNREACHABLE_CODE = YES;
				CLANG_WARN__DUPLICATE_METHOD_MATCH = YES;
				CODE_SIGN_IDENTITY = "iPhone Developer";
				COPY_PHASE_STRIP = NO;
				DEBUG_INFORMATION_FORMAT = "dwarf-with-dsym";
				ENABLE_NS_ASSERTIONS = NO;
				ENABLE_STRICT_OBJC_MSGSEND = YES;
				GCC_C_LANGUAGE_STANDARD = gnu11;
				GCC_NO_COMMON_BLOCKS = YES;
				GCC_WARN_64_TO_32_BIT_CONVERSION = YES;
				GCC_WARN_ABOUT_RETURN_TYPE = YES_ERROR;
				GCC_WARN_UNDECLARED_SELECTOR = YES;
				GCC_WARN_UNINITIALIZED_AUTOS = YES_AGGRESSIVE;
				GCC_WARN_UNUSED_FUNCTION = YES;
				GCC_WARN_UNUSED_VARIABLE = YES;
				IPHONEOS_DEPLOYMENT_TARGET = 11.2;
				MTL_ENABLE_DEBUG_INFO = NO;
				SDKROOT = iphoneos;
				VALIDATE_PRODUCT = YES;
			};
			name = Release;
		};
		EA60A1582018DAC400FE46C1 /* Debug */ = {
			isa = XCBuildConfiguration;
			baseConfigurationReference = D9737E0D054B5AB9EF2A13FF /* Pods-WYNews.debug.xcconfig */;
			buildSettings = {
				ASSETCATALOG_COMPILER_APPICON_NAME = AppIcon;
				CODE_SIGN_STYLE = Automatic;
				DEVELOPMENT_TEAM = 4JZ9937LUN;
				INFOPLIST_FILE = WYNews/Info.plist;
				IPHONEOS_DEPLOYMENT_TARGET = 9.0;
				LD_RUNPATH_SEARCH_PATHS = "$(inherited) @executable_path/Frameworks";
				PRODUCT_BUNDLE_IDENTIFIER = com.Youlongor.WYNews;
				PRODUCT_NAME = "$(TARGET_NAME)";
				TARGETED_DEVICE_FAMILY = "1,2";
			};
			name = Debug;
		};
		EA60A1592018DAC400FE46C1 /* Release */ = {
			isa = XCBuildConfiguration;
			baseConfigurationReference = FF95AD6EE4E606B402A0FF94 /* Pods-WYNews.release.xcconfig */;
			buildSettings = {
				ASSETCATALOG_COMPILER_APPICON_NAME = AppIcon;
				CODE_SIGN_STYLE = Automatic;
				DEVELOPMENT_TEAM = 4JZ9937LUN;
				INFOPLIST_FILE = WYNews/Info.plist;
				IPHONEOS_DEPLOYMENT_TARGET = 9.0;
				LD_RUNPATH_SEARCH_PATHS = "$(inherited) @executable_path/Frameworks";
				PRODUCT_BUNDLE_IDENTIFIER = com.Youlongor.WYNews;
				PRODUCT_NAME = "$(TARGET_NAME)";
				TARGETED_DEVICE_FAMILY = "1,2";
			};
			name = Release;
		};
/* End XCBuildConfiguration section */

/* Begin XCConfigurationList section */
		EA60A13C2018DAC400FE46C1 /* Build configuration list for PBXProject "WYNews" */ = {
			isa = XCConfigurationList;
			buildConfigurations = (
				EA60A1552018DAC400FE46C1 /* Debug */,
				EA60A1562018DAC400FE46C1 /* Release */,
			);
			defaultConfigurationIsVisible = 0;
			defaultConfigurationName = Release;
		};
		EA60A1572018DAC400FE46C1 /* Build configuration list for PBXNativeTarget "WYNews" */ = {
			isa = XCConfigurationList;
			buildConfigurations = (
				EA60A1582018DAC400FE46C1 /* Debug */,
				EA60A1592018DAC400FE46C1 /* Release */,
			);
			defaultConfigurationIsVisible = 0;
			defaultConfigurationName = Release;
		};
/* End XCConfigurationList section */
	};
	rootObject = EA60A1392018DAC400FE46C1 /* Project object */;
}
